
Microsoft Visual Studio Solution File, Format Version 12.00
# Visual Studio 14
VisualStudioVersion = 14.0.25420.1
MinimumVisualStudioVersion = 10.0.40219.1
Project("{2150E333-8FDC-42A3-9474-1A3956D46DE8}") = "3.FlunetAPI的使用", "3.FlunetAPI的使用", "{29E48212-4D5B-4EED-A574-8457E1D97D5E}"
EndProject
Project("{FAE04EC0-301F-11D3-BF4B-00C04F79EFBC}") = "DBRelationShips", "DBRelationShips\DBRelationShips.csproj", "{5822A2B4-72F5-4996-B719-CC7B92C8A1C8}"
EndProject
Project("{FAE04EC0-301F-11D3-BF4B-00C04F79EFBC}") = "CodeFirstFromDB", "CodeFirstFromDB\CodeFirstFromDB.csproj", "{85BFB495-E583-406C-B086-6E50F61AAA84}"
EndProject
Global
	GlobalSection(SolutionConfigurationPlatforms) = preSolution
		Debug|Any CPU = Debug|Any CPU
		Release|Any CPU = Release|Any CPU
	EndGlobalSection
	GlobalSection(ProjectConfigurationPlatforms) = postSolution
		{5822A2B4-72F5-4996-B719-CC7B92C8A1C8}.Debug|Any CPU.ActiveCfg = Debug|Any CPU
		{5822A2B4-72F5-4996-B719-CC7B92C8A1C8}.Debug|Any CPU.Build.0 = Debug|Any CPU
		{5822A2B4-72F5-4996-B719-CC7B92C8A1C8}.Release|Any CPU.ActiveCfg = Release|Any CPU
		{5822A2B4-72F5-4996-B719-CC7B92C8A1C8}.Release|Any CPU.Build.0 = Release|Any CPU
		{85BFB495-E583-406C-B086-6E50F61AAA84}.Debug|Any CPU.ActiveCfg = Debug|Any CPU
		{85BFB495-E583-406C-B086-6E50F61AAA84}.Debug|Any CPU.Build.0 = Debug|Any CPU
		{85BFB495-E583-406C-B086-6E50F61AAA84}.Release|Any CPU.ActiveCfg = Release|Any CPU
		{85BFB495-E583-406C-B086-6E50F61AAA84}.Release|Any CPU.Build.0 = Release|Any CPU
	EndGlobalSection
	GlobalSection(SolutionProperties) = preSolution
		HideSolutionNode = FALSE
	EndGlobalSection
	GlobalSection(NestedProjects) = preSolution
		{5822A2B4-72F5-4996-B719-CC7B92C8A1C8} = {29E48212-4D5B-4EED-A574-8457E1D97D5E}
		{85BFB495-E583-406C-B086-6E50F61AAA84} = {29E48212-4D5B-4EED-A574-8457E1D97D5E}
	EndGlobalSection
EndGlobal
