
Microsoft Visual Studio Solution File, Format Version 12.00
# Visual Studio 2012
Project("{FAE04EC0-301F-11D3-BF4B-00C04F79EFBC}") = "001-字符串string", "001-字符串string\001-字符串string.csproj", "{9117C280-1DD1-4860-A0A1-90EEA310CBB9}"
EndProject
Project("{FAE04EC0-301F-11D3-BF4B-00C04F79EFBC}") = "002-字符串StringBuilder", "002-字符串StringBuilder\002-字符串StringBuilder.csproj", "{C6F05373-2F24-4D4C-8B95-4440333E2F22}"
EndProject
Project("{FAE04EC0-301F-11D3-BF4B-00C04F79EFBC}") = "003-正则表达式", "003-正则表达式\003-正则表达式.csproj", "{EDD81C7E-B0BE-422B-8678-B2BC5E9FE8D8}"
EndProject
Project("{FAE04EC0-301F-11D3-BF4B-00C04F79EFBC}") = "004-委托", "004-委托\004-委托.csproj", "{6D7E4D3D-D345-48F8-8A75-E5EC3902ED70}"
EndProject
Project("{FAE04EC0-301F-11D3-BF4B-00C04F79EFBC}") = "005-Action委托", "005-Action委托\005-Action委托.csproj", "{C7CAADE8-4E46-4E50-8053-02D49A3A33D9}"
EndProject
Project("{FAE04EC0-301F-11D3-BF4B-00C04F79EFBC}") = "006-Func委托", "006-Func委托\006-Func委托.csproj", "{4E99B848-D0D6-45B4-9C7D-0534A89B64B4}"
EndProject
Project("{FAE04EC0-301F-11D3-BF4B-00C04F79EFBC}") = "007-冒泡排序拓展", "007-冒泡排序拓展\007-冒泡排序拓展.csproj", "{CA17D8BA-07BC-4A06-A6FF-9C4A36C41914}"
EndProject
Project("{FAE04EC0-301F-11D3-BF4B-00C04F79EFBC}") = "008-多播委托", "008-多播委托\008-多播委托.csproj", "{FE8BA772-F1F3-4F97-942D-8D2B9CDEB623}"
EndProject
Project("{FAE04EC0-301F-11D3-BF4B-00C04F79EFBC}") = "009-匿名方法", "009-匿名方法\009-匿名方法.csproj", "{028E4F8B-7F14-4006-88CA-4F1481321660}"
EndProject
Project("{FAE04EC0-301F-11D3-BF4B-00C04F79EFBC}") = "010-Lambda表达式", "010-Lambda表达式\010-Lambda表达式.csproj", "{160E87E0-EC8D-4B13-BB18-F6E7E9047C5F}"
EndProject
Project("{FAE04EC0-301F-11D3-BF4B-00C04F79EFBC}") = "011-事件", "事件\011-事件.csproj", "{456D18E3-A298-4C5D-BD04-B27483A59985}"
EndProject
Project("{FAE04EC0-301F-11D3-BF4B-00C04F79EFBC}") = "012-观察者设计模式-猫捉老鼠", "012-观察者设计模式-猫捉老鼠\012-观察者设计模式-猫捉老鼠.csproj", "{4CFB5947-D71C-4ADF-998C-7809F535B639}"
EndProject
Project("{FAE04EC0-301F-11D3-BF4B-00C04F79EFBC}") = "013-LINQ", "013-LINQ\013-LINQ.csproj", "{5941B35C-C58C-4D66-B545-48348BC7454D}"
EndProject
Project("{FAE04EC0-301F-11D3-BF4B-00C04F79EFBC}") = "014-反射和特性", "014-反射和特性\014-反射和特性.csproj", "{EEF946C1-9427-4A03-9613-E023FC904783}"
EndProject
Project("{FAE04EC0-301F-11D3-BF4B-00C04F79EFBC}") = "015-特性", "015-特性\015-特性.csproj", "{8C041524-EDBA-46F3-B938-2F698CACAC76}"
EndProject
Project("{FAE04EC0-301F-11D3-BF4B-00C04F79EFBC}") = "016-线程-委托方式发起线程", "016-线程-委托方式发起线程\016-线程-委托方式发起线程.csproj", "{5688560F-6A71-49D0-9238-2D975A691758}"
EndProject
Project("{FAE04EC0-301F-11D3-BF4B-00C04F79EFBC}") = "017-线程-通过Thread发起线程", "017-线程-通过Thread发起线程\017-线程-通过Thread发起线程.csproj", "{DBF73149-E5D3-4FBA-BAF6-E36A28F9D0F2}"
EndProject
Project("{FAE04EC0-301F-11D3-BF4B-00C04F79EFBC}") = "018-线程-线程池", "018-线程-线程池\018-线程-线程池.csproj", "{6AA52905-9E60-4B84-852B-8F076109D36C}"
EndProject
Project("{FAE04EC0-301F-11D3-BF4B-00C04F79EFBC}") = "019-线程-任务", "019-线程-任务\019-线程-任务.csproj", "{D87EB3BB-8970-42CD-A950-9B961E1CD0B3}"
EndProject
Project("{FAE04EC0-301F-11D3-BF4B-00C04F79EFBC}") = "020-线程问题 争用条件", "020-线程争用问题\020-线程问题 争用条件.csproj", "{A1D3954C-FC4D-442B-B342-9D097C3F1B6F}"
EndProject
Project("{FAE04EC0-301F-11D3-BF4B-00C04F79EFBC}") = "021-socket编程-TCP协议_服务器端", "021-socket编程-TCP协议\021-socket编程-TCP协议_服务器端.csproj", "{026E27D7-F99F-424C-AC7B-1349698A9A31}"
EndProject
Project("{FAE04EC0-301F-11D3-BF4B-00C04F79EFBC}") = "022-聊天室-socket-tcp服务器端", "022-聊天室-socket-tcp服务器端\022-聊天室-socket-tcp服务器端.csproj", "{9D94EBB9-9669-49D7-A28A-C2C08641EA5E}"
EndProject
Project("{FAE04EC0-301F-11D3-BF4B-00C04F79EFBC}") = "023-socket编程-UDP协议_服务器端", "023-socket编程-UDP协议_服务器端\023-socket编程-UDP协议_服务器端.csproj", "{31E8E805-F0BA-4FD3-8459-CE5D7DC52FFE}"
EndProject
Project("{FAE04EC0-301F-11D3-BF4B-00C04F79EFBC}") = "024-tcplistener", "024-tcplistener\024-tcplistener.csproj", "{E69BBDBF-F500-4051-AF74-8DDF8E5E1066}"
EndProject
Project("{FAE04EC0-301F-11D3-BF4B-00C04F79EFBC}") = "025-udpclient", "025-udpclient\025-udpclient.csproj", "{BE18F707-2F0E-4B2A-B221-A0E776F7C938}"
EndProject
Project("{FAE04EC0-301F-11D3-BF4B-00C04F79EFBC}") = "026-文件操作-查看文件和文件夹信息", "026-文件操作-查看文件和文件夹信息\026-文件操作-查看文件和文件夹信息.csproj", "{3900237F-6BB6-41E0-B53F-60E6899E0382}"
EndProject
Project("{FAE04EC0-301F-11D3-BF4B-00C04F79EFBC}") = "027-使用File读写文件", "027-使用File读写文件\027-使用File读写文件.csproj", "{9B7DD2C5-FA82-49AB-9E18-A815CF876839}"
EndProject
Project("{FAE04EC0-301F-11D3-BF4B-00C04F79EFBC}") = "028-使用FileStream读写文件", "028-使用FileStream读写文件\028-使用FileStream读写文件.csproj", "{BCCC3A54-39BF-42AC-8DC9-02EE8AA508EC}"
EndProject
Project("{FAE04EC0-301F-11D3-BF4B-00C04F79EFBC}") = "029-使用StreamReader和StreamWriter读写文本文件", "029-使用StreamReader和StreamWriter读写文本文件\029-使用StreamReader和StreamWriter读写文本文件.csproj", "{7DFE08B3-6AEC-48AD-B5C2-75EE8980E0C7}"
EndProject
Project("{FAE04EC0-301F-11D3-BF4B-00C04F79EFBC}") = "030-xml操作", "030-项目了\030-xml操作.csproj", "{634BE777-0567-4502-BA12-DA2325402AFE}"
EndProject
Project("{FAE04EC0-301F-11D3-BF4B-00C04F79EFBC}") = "031-xml文档解析-技能信息", "031-xml文档解析-技能信息\031-xml文档解析-技能信息.csproj", "{BEBB84AB-480A-42FE-B88E-45C3DB785DE2}"
EndProject
Project("{FAE04EC0-301F-11D3-BF4B-00C04F79EFBC}") = "032-json操作", "032-json操作\032-json操作.csproj", "{E2864223-3C0D-4589-97D9-2CDF1E5E3389}"
EndProject
Project("{FAE04EC0-301F-11D3-BF4B-00C04F79EFBC}") = "033-Excel操作", "033-Excel操作\033-Excel操作.csproj", "{B0C03889-71A4-44DD-BA55-177FE1226643}"
EndProject
Global
	GlobalSection(SolutionConfigurationPlatforms) = preSolution
		Debug|Any CPU = Debug|Any CPU
		Release|Any CPU = Release|Any CPU
	EndGlobalSection
	GlobalSection(ProjectConfigurationPlatforms) = postSolution
		{9117C280-1DD1-4860-A0A1-90EEA310CBB9}.Debug|Any CPU.ActiveCfg = Debug|Any CPU
		{9117C280-1DD1-4860-A0A1-90EEA310CBB9}.Debug|Any CPU.Build.0 = Debug|Any CPU
		{9117C280-1DD1-4860-A0A1-90EEA310CBB9}.Release|Any CPU.ActiveCfg = Release|Any CPU
		{9117C280-1DD1-4860-A0A1-90EEA310CBB9}.Release|Any CPU.Build.0 = Release|Any CPU
		{C6F05373-2F24-4D4C-8B95-4440333E2F22}.Debug|Any CPU.ActiveCfg = Debug|Any CPU
		{C6F05373-2F24-4D4C-8B95-4440333E2F22}.Debug|Any CPU.Build.0 = Debug|Any CPU
		{C6F05373-2F24-4D4C-8B95-4440333E2F22}.Release|Any CPU.ActiveCfg = Release|Any CPU
		{C6F05373-2F24-4D4C-8B95-4440333E2F22}.Release|Any CPU.Build.0 = Release|Any CPU
		{EDD81C7E-B0BE-422B-8678-B2BC5E9FE8D8}.Debug|Any CPU.ActiveCfg = Debug|Any CPU
		{EDD81C7E-B0BE-422B-8678-B2BC5E9FE8D8}.Debug|Any CPU.Build.0 = Debug|Any CPU
		{EDD81C7E-B0BE-422B-8678-B2BC5E9FE8D8}.Release|Any CPU.ActiveCfg = Release|Any CPU
		{EDD81C7E-B0BE-422B-8678-B2BC5E9FE8D8}.Release|Any CPU.Build.0 = Release|Any CPU
		{6D7E4D3D-D345-48F8-8A75-E5EC3902ED70}.Debug|Any CPU.ActiveCfg = Debug|Any CPU
		{6D7E4D3D-D345-48F8-8A75-E5EC3902ED70}.Debug|Any CPU.Build.0 = Debug|Any CPU
		{6D7E4D3D-D345-48F8-8A75-E5EC3902ED70}.Release|Any CPU.ActiveCfg = Release|Any CPU
		{6D7E4D3D-D345-48F8-8A75-E5EC3902ED70}.Release|Any CPU.Build.0 = Release|Any CPU
		{C7CAADE8-4E46-4E50-8053-02D49A3A33D9}.Debug|Any CPU.ActiveCfg = Debug|Any CPU
		{C7CAADE8-4E46-4E50-8053-02D49A3A33D9}.Debug|Any CPU.Build.0 = Debug|Any CPU
		{C7CAADE8-4E46-4E50-8053-02D49A3A33D9}.Release|Any CPU.ActiveCfg = Release|Any CPU
		{C7CAADE8-4E46-4E50-8053-02D49A3A33D9}.Release|Any CPU.Build.0 = Release|Any CPU
		{4E99B848-D0D6-45B4-9C7D-0534A89B64B4}.Debug|Any CPU.ActiveCfg = Debug|Any CPU
		{4E99B848-D0D6-45B4-9C7D-0534A89B64B4}.Debug|Any CPU.Build.0 = Debug|Any CPU
		{4E99B848-D0D6-45B4-9C7D-0534A89B64B4}.Release|Any CPU.ActiveCfg = Release|Any CPU
		{4E99B848-D0D6-45B4-9C7D-0534A89B64B4}.Release|Any CPU.Build.0 = Release|Any CPU
		{CA17D8BA-07BC-4A06-A6FF-9C4A36C41914}.Debug|Any CPU.ActiveCfg = Debug|Any CPU
		{CA17D8BA-07BC-4A06-A6FF-9C4A36C41914}.Debug|Any CPU.Build.0 = Debug|Any CPU
		{CA17D8BA-07BC-4A06-A6FF-9C4A36C41914}.Release|Any CPU.ActiveCfg = Release|Any CPU
		{CA17D8BA-07BC-4A06-A6FF-9C4A36C41914}.Release|Any CPU.Build.0 = Release|Any CPU
		{FE8BA772-F1F3-4F97-942D-8D2B9CDEB623}.Debug|Any CPU.ActiveCfg = Debug|Any CPU
		{FE8BA772-F1F3-4F97-942D-8D2B9CDEB623}.Debug|Any CPU.Build.0 = Debug|Any CPU
		{FE8BA772-F1F3-4F97-942D-8D2B9CDEB623}.Release|Any CPU.ActiveCfg = Release|Any CPU
		{FE8BA772-F1F3-4F97-942D-8D2B9CDEB623}.Release|Any CPU.Build.0 = Release|Any CPU
		{028E4F8B-7F14-4006-88CA-4F1481321660}.Debug|Any CPU.ActiveCfg = Debug|Any CPU
		{028E4F8B-7F14-4006-88CA-4F1481321660}.Debug|Any CPU.Build.0 = Debug|Any CPU
		{028E4F8B-7F14-4006-88CA-4F1481321660}.Release|Any CPU.ActiveCfg = Release|Any CPU
		{028E4F8B-7F14-4006-88CA-4F1481321660}.Release|Any CPU.Build.0 = Release|Any CPU
		{160E87E0-EC8D-4B13-BB18-F6E7E9047C5F}.Debug|Any CPU.ActiveCfg = Debug|Any CPU
		{160E87E0-EC8D-4B13-BB18-F6E7E9047C5F}.Debug|Any CPU.Build.0 = Debug|Any CPU
		{160E87E0-EC8D-4B13-BB18-F6E7E9047C5F}.Release|Any CPU.ActiveCfg = Release|Any CPU
		{160E87E0-EC8D-4B13-BB18-F6E7E9047C5F}.Release|Any CPU.Build.0 = Release|Any CPU
		{456D18E3-A298-4C5D-BD04-B27483A59985}.Debug|Any CPU.ActiveCfg = Debug|Any CPU
		{456D18E3-A298-4C5D-BD04-B27483A59985}.Debug|Any CPU.Build.0 = Debug|Any CPU
		{456D18E3-A298-4C5D-BD04-B27483A59985}.Release|Any CPU.ActiveCfg = Release|Any CPU
		{456D18E3-A298-4C5D-BD04-B27483A59985}.Release|Any CPU.Build.0 = Release|Any CPU
		{4CFB5947-D71C-4ADF-998C-7809F535B639}.Debug|Any CPU.ActiveCfg = Debug|Any CPU
		{4CFB5947-D71C-4ADF-998C-7809F535B639}.Debug|Any CPU.Build.0 = Debug|Any CPU
		{4CFB5947-D71C-4ADF-998C-7809F535B639}.Release|Any CPU.ActiveCfg = Release|Any CPU
		{4CFB5947-D71C-4ADF-998C-7809F535B639}.Release|Any CPU.Build.0 = Release|Any CPU
		{5941B35C-C58C-4D66-B545-48348BC7454D}.Debug|Any CPU.ActiveCfg = Debug|Any CPU
		{5941B35C-C58C-4D66-B545-48348BC7454D}.Debug|Any CPU.Build.0 = Debug|Any CPU
		{5941B35C-C58C-4D66-B545-48348BC7454D}.Release|Any CPU.ActiveCfg = Release|Any CPU
		{5941B35C-C58C-4D66-B545-48348BC7454D}.Release|Any CPU.Build.0 = Release|Any CPU
		{EEF946C1-9427-4A03-9613-E023FC904783}.Debug|Any CPU.ActiveCfg = Debug|Any CPU
		{EEF946C1-9427-4A03-9613-E023FC904783}.Debug|Any CPU.Build.0 = Debug|Any CPU
		{EEF946C1-9427-4A03-9613-E023FC904783}.Release|Any CPU.ActiveCfg = Release|Any CPU
		{EEF946C1-9427-4A03-9613-E023FC904783}.Release|Any CPU.Build.0 = Release|Any CPU
		{8C041524-EDBA-46F3-B938-2F698CACAC76}.Debug|Any CPU.ActiveCfg = Debug|Any CPU
		{8C041524-EDBA-46F3-B938-2F698CACAC76}.Debug|Any CPU.Build.0 = Debug|Any CPU
		{8C041524-EDBA-46F3-B938-2F698CACAC76}.Release|Any CPU.ActiveCfg = Release|Any CPU
		{8C041524-EDBA-46F3-B938-2F698CACAC76}.Release|Any CPU.Build.0 = Release|Any CPU
		{5688560F-6A71-49D0-9238-2D975A691758}.Debug|Any CPU.ActiveCfg = Debug|Any CPU
		{5688560F-6A71-49D0-9238-2D975A691758}.Debug|Any CPU.Build.0 = Debug|Any CPU
		{5688560F-6A71-49D0-9238-2D975A691758}.Release|Any CPU.ActiveCfg = Release|Any CPU
		{5688560F-6A71-49D0-9238-2D975A691758}.Release|Any CPU.Build.0 = Release|Any CPU
		{DBF73149-E5D3-4FBA-BAF6-E36A28F9D0F2}.Debug|Any CPU.ActiveCfg = Debug|Any CPU
		{DBF73149-E5D3-4FBA-BAF6-E36A28F9D0F2}.Debug|Any CPU.Build.0 = Debug|Any CPU
		{DBF73149-E5D3-4FBA-BAF6-E36A28F9D0F2}.Release|Any CPU.ActiveCfg = Release|Any CPU
		{DBF73149-E5D3-4FBA-BAF6-E36A28F9D0F2}.Release|Any CPU.Build.0 = Release|Any CPU
		{6AA52905-9E60-4B84-852B-8F076109D36C}.Debug|Any CPU.ActiveCfg = Debug|Any CPU
		{6AA52905-9E60-4B84-852B-8F076109D36C}.Debug|Any CPU.Build.0 = Debug|Any CPU
		{6AA52905-9E60-4B84-852B-8F076109D36C}.Release|Any CPU.ActiveCfg = Release|Any CPU
		{6AA52905-9E60-4B84-852B-8F076109D36C}.Release|Any CPU.Build.0 = Release|Any CPU
		{D87EB3BB-8970-42CD-A950-9B961E1CD0B3}.Debug|Any CPU.ActiveCfg = Debug|Any CPU
		{D87EB3BB-8970-42CD-A950-9B961E1CD0B3}.Debug|Any CPU.Build.0 = Debug|Any CPU
		{D87EB3BB-8970-42CD-A950-9B961E1CD0B3}.Release|Any CPU.ActiveCfg = Release|Any CPU
		{D87EB3BB-8970-42CD-A950-9B961E1CD0B3}.Release|Any CPU.Build.0 = Release|Any CPU
		{A1D3954C-FC4D-442B-B342-9D097C3F1B6F}.Debug|Any CPU.ActiveCfg = Debug|Any CPU
		{A1D3954C-FC4D-442B-B342-9D097C3F1B6F}.Debug|Any CPU.Build.0 = Debug|Any CPU
		{A1D3954C-FC4D-442B-B342-9D097C3F1B6F}.Release|Any CPU.ActiveCfg = Release|Any CPU
		{A1D3954C-FC4D-442B-B342-9D097C3F1B6F}.Release|Any CPU.Build.0 = Release|Any CPU
		{026E27D7-F99F-424C-AC7B-1349698A9A31}.Debug|Any CPU.ActiveCfg = Debug|Any CPU
		{026E27D7-F99F-424C-AC7B-1349698A9A31}.Debug|Any CPU.Build.0 = Debug|Any CPU
		{026E27D7-F99F-424C-AC7B-1349698A9A31}.Release|Any CPU.ActiveCfg = Release|Any CPU
		{026E27D7-F99F-424C-AC7B-1349698A9A31}.Release|Any CPU.Build.0 = Release|Any CPU
		{9D94EBB9-9669-49D7-A28A-C2C08641EA5E}.Debug|Any CPU.ActiveCfg = Debug|Any CPU
		{9D94EBB9-9669-49D7-A28A-C2C08641EA5E}.Debug|Any CPU.Build.0 = Debug|Any CPU
		{9D94EBB9-9669-49D7-A28A-C2C08641EA5E}.Release|Any CPU.ActiveCfg = Release|Any CPU
		{9D94EBB9-9669-49D7-A28A-C2C08641EA5E}.Release|Any CPU.Build.0 = Release|Any CPU
		{31E8E805-F0BA-4FD3-8459-CE5D7DC52FFE}.Debug|Any CPU.ActiveCfg = Debug|Any CPU
		{31E8E805-F0BA-4FD3-8459-CE5D7DC52FFE}.Debug|Any CPU.Build.0 = Debug|Any CPU
		{31E8E805-F0BA-4FD3-8459-CE5D7DC52FFE}.Release|Any CPU.ActiveCfg = Release|Any CPU
		{31E8E805-F0BA-4FD3-8459-CE5D7DC52FFE}.Release|Any CPU.Build.0 = Release|Any CPU
		{E69BBDBF-F500-4051-AF74-8DDF8E5E1066}.Debug|Any CPU.ActiveCfg = Debug|Any CPU
		{E69BBDBF-F500-4051-AF74-8DDF8E5E1066}.Debug|Any CPU.Build.0 = Debug|Any CPU
		{E69BBDBF-F500-4051-AF74-8DDF8E5E1066}.Release|Any CPU.ActiveCfg = Release|Any CPU
		{E69BBDBF-F500-4051-AF74-8DDF8E5E1066}.Release|Any CPU.Build.0 = Release|Any CPU
		{BE18F707-2F0E-4B2A-B221-A0E776F7C938}.Debug|Any CPU.ActiveCfg = Debug|Any CPU
		{BE18F707-2F0E-4B2A-B221-A0E776F7C938}.Debug|Any CPU.Build.0 = Debug|Any CPU
		{BE18F707-2F0E-4B2A-B221-A0E776F7C938}.Release|Any CPU.ActiveCfg = Release|Any CPU
		{BE18F707-2F0E-4B2A-B221-A0E776F7C938}.Release|Any CPU.Build.0 = Release|Any CPU
		{3900237F-6BB6-41E0-B53F-60E6899E0382}.Debug|Any CPU.ActiveCfg = Debug|Any CPU
		{3900237F-6BB6-41E0-B53F-60E6899E0382}.Debug|Any CPU.Build.0 = Debug|Any CPU
		{3900237F-6BB6-41E0-B53F-60E6899E0382}.Release|Any CPU.ActiveCfg = Release|Any CPU
		{3900237F-6BB6-41E0-B53F-60E6899E0382}.Release|Any CPU.Build.0 = Release|Any CPU
		{9B7DD2C5-FA82-49AB-9E18-A815CF876839}.Debug|Any CPU.ActiveCfg = Debug|Any CPU
		{9B7DD2C5-FA82-49AB-9E18-A815CF876839}.Debug|Any CPU.Build.0 = Debug|Any CPU
		{9B7DD2C5-FA82-49AB-9E18-A815CF876839}.Release|Any CPU.ActiveCfg = Release|Any CPU
		{9B7DD2C5-FA82-49AB-9E18-A815CF876839}.Release|Any CPU.Build.0 = Release|Any CPU
		{BCCC3A54-39BF-42AC-8DC9-02EE8AA508EC}.Debug|Any CPU.ActiveCfg = Debug|Any CPU
		{BCCC3A54-39BF-42AC-8DC9-02EE8AA508EC}.Debug|Any CPU.Build.0 = Debug|Any CPU
		{BCCC3A54-39BF-42AC-8DC9-02EE8AA508EC}.Release|Any CPU.ActiveCfg = Release|Any CPU
		{BCCC3A54-39BF-42AC-8DC9-02EE8AA508EC}.Release|Any CPU.Build.0 = Release|Any CPU
		{7DFE08B3-6AEC-48AD-B5C2-75EE8980E0C7}.Debug|Any CPU.ActiveCfg = Debug|Any CPU
		{7DFE08B3-6AEC-48AD-B5C2-75EE8980E0C7}.Debug|Any CPU.Build.0 = Debug|Any CPU
		{7DFE08B3-6AEC-48AD-B5C2-75EE8980E0C7}.Release|Any CPU.ActiveCfg = Release|Any CPU
		{7DFE08B3-6AEC-48AD-B5C2-75EE8980E0C7}.Release|Any CPU.Build.0 = Release|Any CPU
		{634BE777-0567-4502-BA12-DA2325402AFE}.Debug|Any CPU.ActiveCfg = Debug|Any CPU
		{634BE777-0567-4502-BA12-DA2325402AFE}.Debug|Any CPU.Build.0 = Debug|Any CPU
		{634BE777-0567-4502-BA12-DA2325402AFE}.Release|Any CPU.ActiveCfg = Release|Any CPU
		{634BE777-0567-4502-BA12-DA2325402AFE}.Release|Any CPU.Build.0 = Release|Any CPU
		{BEBB84AB-480A-42FE-B88E-45C3DB785DE2}.Debug|Any CPU.ActiveCfg = Debug|Any CPU
		{BEBB84AB-480A-42FE-B88E-45C3DB785DE2}.Debug|Any CPU.Build.0 = Debug|Any CPU
		{BEBB84AB-480A-42FE-B88E-45C3DB785DE2}.Release|Any CPU.ActiveCfg = Release|Any CPU
		{BEBB84AB-480A-42FE-B88E-45C3DB785DE2}.Release|Any CPU.Build.0 = Release|Any CPU
		{E2864223-3C0D-4589-97D9-2CDF1E5E3389}.Debug|Any CPU.ActiveCfg = Debug|Any CPU
		{E2864223-3C0D-4589-97D9-2CDF1E5E3389}.Debug|Any CPU.Build.0 = Debug|Any CPU
		{E2864223-3C0D-4589-97D9-2CDF1E5E3389}.Release|Any CPU.ActiveCfg = Release|Any CPU
		{E2864223-3C0D-4589-97D9-2CDF1E5E3389}.Release|Any CPU.Build.0 = Release|Any CPU
		{B0C03889-71A4-44DD-BA55-177FE1226643}.Debug|Any CPU.ActiveCfg = Debug|Any CPU
		{B0C03889-71A4-44DD-BA55-177FE1226643}.Debug|Any CPU.Build.0 = Debug|Any CPU
		{B0C03889-71A4-44DD-BA55-177FE1226643}.Release|Any CPU.ActiveCfg = Release|Any CPU
		{B0C03889-71A4-44DD-BA55-177FE1226643}.Release|Any CPU.Build.0 = Release|Any CPU
	EndGlobalSection
	GlobalSection(SolutionProperties) = preSolution
		HideSolutionNode = FALSE
	EndGlobalSection
EndGlobal
