
Microsoft Visual Studio Solution File, Format Version 12.00
# Visual Studio 14
VisualStudioVersion = 14.0.25420.1
MinimumVisualStudioVersion = 10.0.40219.1
Project("{FAE04EC0-301F-11D3-BF4B-00C04F79EFBC}") = "SOA.WCF", "SOA.WCF\SOA.WCF.csproj", "{6266AB6C-7FF9-4FB6-AD6B-50FA5D1CB49A}"
EndProject
Project("{2150E333-8FDC-42A3-9474-1A3956D46DE8}") = "WCF", "WCF", "{82E4CBE8-FE66-4EE4-962B-59F054F739FC}"
EndProject
Project("{FAE04EC0-301F-11D3-BF4B-00C04F79EFBC}") = "SOA.WCF.Interface", "SOA.WCF.Interface\SOA.WCF.Interface.csproj", "{204AAAE5-8B51-4B82-975E-C11E2F6A8E37}"
EndProject
Project("{FAE04EC0-301F-11D3-BF4B-00C04F79EFBC}") = "SOA.WCF.Service", "SOA.WCF.Service\SOA.WCF.Service.csproj", "{92E8815D-A76A-41B4-B997-ACF33B266E78}"
EndProject
Project("{2150E333-8FDC-42A3-9474-1A3956D46DE8}") = "UnitTest", "UnitTest", "{75AA1A1E-4C42-4CFA-AF3E-0BA97A33ABBD}"
EndProject
Project("{FAE04EC0-301F-11D3-BF4B-00C04F79EFBC}") = "SOA.UnitTest", "SOA.UnitTest\SOA.UnitTest.csproj", "{4A54EEFF-7514-4593-BE45-E9E6D63AD46B}"
	ProjectSection(ProjectDependencies) = postProject
		{064F3A08-36E8-4D7E-991B-1A4AD60241A5} = {064F3A08-36E8-4D7E-991B-1A4AD60241A5}
		{6266AB6C-7FF9-4FB6-AD6B-50FA5D1CB49A} = {6266AB6C-7FF9-4FB6-AD6B-50FA5D1CB49A}
	EndProjectSection
EndProject
Project("{FAE04EC0-301F-11D3-BF4B-00C04F79EFBC}") = "SOA.WCF.Hosting", "SOA.WCF.Hosting\SOA.WCF.Hosting.csproj", "{06733D1D-274F-4388-9727-6625EE563F63}"
EndProject
Project("{FAE04EC0-301F-11D3-BF4B-00C04F79EFBC}") = "SOA.WCF.Model", "SOA.WCF.Model\SOA.WCF.Model.csproj", "{6490C9E9-C554-46FD-B45F-65E92D9D991C}"
EndProject
Project("{2150E333-8FDC-42A3-9474-1A3956D46DE8}") = "Web", "Web", "{15D7EBA8-C6AC-4758-8396-72FDED42968B}"
EndProject
Project("{FAE04EC0-301F-11D3-BF4B-00C04F79EFBC}") = "SOA.Web", "SOA.Web\SOA.Web.csproj", "{064F3A08-36E8-4D7E-991B-1A4AD60241A5}"
EndProject
Project("{FAE04EC0-301F-11D3-BF4B-00C04F79EFBC}") = "SOA.Test", "SOA.Test\SOA.Test.csproj", "{3E954764-DC33-4AD0-9F32-FC773CD37727}"
EndProject
Project("{FAE04EC0-301F-11D3-BF4B-00C04F79EFBC}") = "SOA.UnitTest8", "SOA.UnitTest8\SOA.UnitTest8.csproj", "{6E7A1327-8572-466F-8338-3D205B31AB9F}"
	ProjectSection(ProjectDependencies) = postProject
		{D1D75B70-4F50-4B86-868A-152ED8741AF0} = {D1D75B70-4F50-4B86-868A-152ED8741AF0}
	EndProjectSection
EndProject
Project("{FAE04EC0-301F-11D3-BF4B-00C04F79EFBC}") = "SOA.WCF8", "SOA.WCF8\SOA.WCF8.csproj", "{D1D75B70-4F50-4B86-868A-152ED8741AF0}"
EndProject
Project("{FAE04EC0-301F-11D3-BF4B-00C04F79EFBC}") = "SOA.WebApi", "SOA.WebApi\SOA.WebApi.csproj", "{739A92B0-3B69-4245-B885-002F98B2FE5D}"
EndProject
Global
	GlobalSection(SolutionConfigurationPlatforms) = preSolution
		Debug|Any CPU = Debug|Any CPU
		Debug35|Any CPU = Debug35|Any CPU
		Release|Any CPU = Release|Any CPU
		Release35|Any CPU = Release35|Any CPU
	EndGlobalSection
	GlobalSection(ProjectConfigurationPlatforms) = postSolution
		{6266AB6C-7FF9-4FB6-AD6B-50FA5D1CB49A}.Debug|Any CPU.ActiveCfg = Debug|Any CPU
		{6266AB6C-7FF9-4FB6-AD6B-50FA5D1CB49A}.Debug|Any CPU.Build.0 = Debug|Any CPU
		{6266AB6C-7FF9-4FB6-AD6B-50FA5D1CB49A}.Debug35|Any CPU.ActiveCfg = Debug|Any CPU
		{6266AB6C-7FF9-4FB6-AD6B-50FA5D1CB49A}.Debug35|Any CPU.Build.0 = Debug|Any CPU
		{6266AB6C-7FF9-4FB6-AD6B-50FA5D1CB49A}.Release|Any CPU.ActiveCfg = Release|Any CPU
		{6266AB6C-7FF9-4FB6-AD6B-50FA5D1CB49A}.Release|Any CPU.Build.0 = Release|Any CPU
		{6266AB6C-7FF9-4FB6-AD6B-50FA5D1CB49A}.Release35|Any CPU.ActiveCfg = Release|Any CPU
		{6266AB6C-7FF9-4FB6-AD6B-50FA5D1CB49A}.Release35|Any CPU.Build.0 = Release|Any CPU
		{204AAAE5-8B51-4B82-975E-C11E2F6A8E37}.Debug|Any CPU.ActiveCfg = Debug|Any CPU
		{204AAAE5-8B51-4B82-975E-C11E2F6A8E37}.Debug|Any CPU.Build.0 = Debug|Any CPU
		{204AAAE5-8B51-4B82-975E-C11E2F6A8E37}.Debug35|Any CPU.ActiveCfg = Debug|Any CPU
		{204AAAE5-8B51-4B82-975E-C11E2F6A8E37}.Debug35|Any CPU.Build.0 = Debug|Any CPU
		{204AAAE5-8B51-4B82-975E-C11E2F6A8E37}.Release|Any CPU.ActiveCfg = Release|Any CPU
		{204AAAE5-8B51-4B82-975E-C11E2F6A8E37}.Release|Any CPU.Build.0 = Release|Any CPU
		{204AAAE5-8B51-4B82-975E-C11E2F6A8E37}.Release35|Any CPU.ActiveCfg = Release|Any CPU
		{204AAAE5-8B51-4B82-975E-C11E2F6A8E37}.Release35|Any CPU.Build.0 = Release|Any CPU
		{92E8815D-A76A-41B4-B997-ACF33B266E78}.Debug|Any CPU.ActiveCfg = Debug|Any CPU
		{92E8815D-A76A-41B4-B997-ACF33B266E78}.Debug|Any CPU.Build.0 = Debug|Any CPU
		{92E8815D-A76A-41B4-B997-ACF33B266E78}.Debug35|Any CPU.ActiveCfg = Debug|Any CPU
		{92E8815D-A76A-41B4-B997-ACF33B266E78}.Debug35|Any CPU.Build.0 = Debug|Any CPU
		{92E8815D-A76A-41B4-B997-ACF33B266E78}.Release|Any CPU.ActiveCfg = Release|Any CPU
		{92E8815D-A76A-41B4-B997-ACF33B266E78}.Release|Any CPU.Build.0 = Release|Any CPU
		{92E8815D-A76A-41B4-B997-ACF33B266E78}.Release35|Any CPU.ActiveCfg = Release|Any CPU
		{92E8815D-A76A-41B4-B997-ACF33B266E78}.Release35|Any CPU.Build.0 = Release|Any CPU
		{4A54EEFF-7514-4593-BE45-E9E6D63AD46B}.Debug|Any CPU.ActiveCfg = Debug|Any CPU
		{4A54EEFF-7514-4593-BE45-E9E6D63AD46B}.Debug|Any CPU.Build.0 = Debug|Any CPU
		{4A54EEFF-7514-4593-BE45-E9E6D63AD46B}.Debug35|Any CPU.ActiveCfg = Debug|Any CPU
		{4A54EEFF-7514-4593-BE45-E9E6D63AD46B}.Debug35|Any CPU.Build.0 = Debug|Any CPU
		{4A54EEFF-7514-4593-BE45-E9E6D63AD46B}.Release|Any CPU.ActiveCfg = Release|Any CPU
		{4A54EEFF-7514-4593-BE45-E9E6D63AD46B}.Release|Any CPU.Build.0 = Release|Any CPU
		{4A54EEFF-7514-4593-BE45-E9E6D63AD46B}.Release35|Any CPU.ActiveCfg = Release|Any CPU
		{4A54EEFF-7514-4593-BE45-E9E6D63AD46B}.Release35|Any CPU.Build.0 = Release|Any CPU
		{06733D1D-274F-4388-9727-6625EE563F63}.Debug|Any CPU.ActiveCfg = Debug|Any CPU
		{06733D1D-274F-4388-9727-6625EE563F63}.Debug|Any CPU.Build.0 = Debug|Any CPU
		{06733D1D-274F-4388-9727-6625EE563F63}.Debug35|Any CPU.ActiveCfg = Debug|Any CPU
		{06733D1D-274F-4388-9727-6625EE563F63}.Debug35|Any CPU.Build.0 = Debug|Any CPU
		{06733D1D-274F-4388-9727-6625EE563F63}.Release|Any CPU.ActiveCfg = Release|Any CPU
		{06733D1D-274F-4388-9727-6625EE563F63}.Release|Any CPU.Build.0 = Release|Any CPU
		{06733D1D-274F-4388-9727-6625EE563F63}.Release35|Any CPU.ActiveCfg = Release|Any CPU
		{06733D1D-274F-4388-9727-6625EE563F63}.Release35|Any CPU.Build.0 = Release|Any CPU
		{6490C9E9-C554-46FD-B45F-65E92D9D991C}.Debug|Any CPU.ActiveCfg = Debug|Any CPU
		{6490C9E9-C554-46FD-B45F-65E92D9D991C}.Debug|Any CPU.Build.0 = Debug|Any CPU
		{6490C9E9-C554-46FD-B45F-65E92D9D991C}.Debug35|Any CPU.ActiveCfg = Debug|Any CPU
		{6490C9E9-C554-46FD-B45F-65E92D9D991C}.Debug35|Any CPU.Build.0 = Debug|Any CPU
		{6490C9E9-C554-46FD-B45F-65E92D9D991C}.Release|Any CPU.ActiveCfg = Release|Any CPU
		{6490C9E9-C554-46FD-B45F-65E92D9D991C}.Release|Any CPU.Build.0 = Release|Any CPU
		{6490C9E9-C554-46FD-B45F-65E92D9D991C}.Release35|Any CPU.ActiveCfg = Release|Any CPU
		{6490C9E9-C554-46FD-B45F-65E92D9D991C}.Release35|Any CPU.Build.0 = Release|Any CPU
		{064F3A08-36E8-4D7E-991B-1A4AD60241A5}.Debug|Any CPU.ActiveCfg = Debug|Any CPU
		{064F3A08-36E8-4D7E-991B-1A4AD60241A5}.Debug|Any CPU.Build.0 = Debug|Any CPU
		{064F3A08-36E8-4D7E-991B-1A4AD60241A5}.Debug35|Any CPU.ActiveCfg = Debug|Any CPU
		{064F3A08-36E8-4D7E-991B-1A4AD60241A5}.Debug35|Any CPU.Build.0 = Debug|Any CPU
		{064F3A08-36E8-4D7E-991B-1A4AD60241A5}.Release|Any CPU.ActiveCfg = Release|Any CPU
		{064F3A08-36E8-4D7E-991B-1A4AD60241A5}.Release|Any CPU.Build.0 = Release|Any CPU
		{064F3A08-36E8-4D7E-991B-1A4AD60241A5}.Release35|Any CPU.ActiveCfg = Release|Any CPU
		{064F3A08-36E8-4D7E-991B-1A4AD60241A5}.Release35|Any CPU.Build.0 = Release|Any CPU
		{3E954764-DC33-4AD0-9F32-FC773CD37727}.Debug|Any CPU.ActiveCfg = Debug|Any CPU
		{3E954764-DC33-4AD0-9F32-FC773CD37727}.Debug|Any CPU.Build.0 = Debug|Any CPU
		{3E954764-DC33-4AD0-9F32-FC773CD37727}.Debug35|Any CPU.ActiveCfg = Debug|Any CPU
		{3E954764-DC33-4AD0-9F32-FC773CD37727}.Debug35|Any CPU.Build.0 = Debug|Any CPU
		{3E954764-DC33-4AD0-9F32-FC773CD37727}.Release|Any CPU.ActiveCfg = Release|Any CPU
		{3E954764-DC33-4AD0-9F32-FC773CD37727}.Release|Any CPU.Build.0 = Release|Any CPU
		{3E954764-DC33-4AD0-9F32-FC773CD37727}.Release35|Any CPU.ActiveCfg = Release|Any CPU
		{3E954764-DC33-4AD0-9F32-FC773CD37727}.Release35|Any CPU.Build.0 = Release|Any CPU
		{6E7A1327-8572-466F-8338-3D205B31AB9F}.Debug|Any CPU.ActiveCfg = Debug|Any CPU
		{6E7A1327-8572-466F-8338-3D205B31AB9F}.Debug|Any CPU.Build.0 = Debug|Any CPU
		{6E7A1327-8572-466F-8338-3D205B31AB9F}.Debug35|Any CPU.ActiveCfg = Debug|Any CPU
		{6E7A1327-8572-466F-8338-3D205B31AB9F}.Debug35|Any CPU.Build.0 = Debug|Any CPU
		{6E7A1327-8572-466F-8338-3D205B31AB9F}.Release|Any CPU.ActiveCfg = Release|Any CPU
		{6E7A1327-8572-466F-8338-3D205B31AB9F}.Release|Any CPU.Build.0 = Release|Any CPU
		{6E7A1327-8572-466F-8338-3D205B31AB9F}.Release35|Any CPU.ActiveCfg = Release|Any CPU
		{6E7A1327-8572-466F-8338-3D205B31AB9F}.Release35|Any CPU.Build.0 = Release|Any CPU
		{D1D75B70-4F50-4B86-868A-152ED8741AF0}.Debug|Any CPU.ActiveCfg = Debug|Any CPU
		{D1D75B70-4F50-4B86-868A-152ED8741AF0}.Debug|Any CPU.Build.0 = Debug|Any CPU
		{D1D75B70-4F50-4B86-868A-152ED8741AF0}.Debug35|Any CPU.ActiveCfg = Debug|Any CPU
		{D1D75B70-4F50-4B86-868A-152ED8741AF0}.Debug35|Any CPU.Build.0 = Debug|Any CPU
		{D1D75B70-4F50-4B86-868A-152ED8741AF0}.Release|Any CPU.ActiveCfg = Release|Any CPU
		{D1D75B70-4F50-4B86-868A-152ED8741AF0}.Release|Any CPU.Build.0 = Release|Any CPU
		{D1D75B70-4F50-4B86-868A-152ED8741AF0}.Release35|Any CPU.ActiveCfg = Release|Any CPU
		{D1D75B70-4F50-4B86-868A-152ED8741AF0}.Release35|Any CPU.Build.0 = Release|Any CPU
		{739A92B0-3B69-4245-B885-002F98B2FE5D}.Debug|Any CPU.ActiveCfg = Debug|Any CPU
		{739A92B0-3B69-4245-B885-002F98B2FE5D}.Debug|Any CPU.Build.0 = Debug|Any CPU
		{739A92B0-3B69-4245-B885-002F98B2FE5D}.Debug35|Any CPU.ActiveCfg = Debug|Any CPU
		{739A92B0-3B69-4245-B885-002F98B2FE5D}.Debug35|Any CPU.Build.0 = Debug|Any CPU
		{739A92B0-3B69-4245-B885-002F98B2FE5D}.Release|Any CPU.ActiveCfg = Release|Any CPU
		{739A92B0-3B69-4245-B885-002F98B2FE5D}.Release|Any CPU.Build.0 = Release|Any CPU
		{739A92B0-3B69-4245-B885-002F98B2FE5D}.Release35|Any CPU.ActiveCfg = Release|Any CPU
		{739A92B0-3B69-4245-B885-002F98B2FE5D}.Release35|Any CPU.Build.0 = Release|Any CPU
	EndGlobalSection
	GlobalSection(SolutionProperties) = preSolution
		HideSolutionNode = FALSE
	EndGlobalSection
	GlobalSection(NestedProjects) = preSolution
		{6266AB6C-7FF9-4FB6-AD6B-50FA5D1CB49A} = {82E4CBE8-FE66-4EE4-962B-59F054F739FC}
		{204AAAE5-8B51-4B82-975E-C11E2F6A8E37} = {82E4CBE8-FE66-4EE4-962B-59F054F739FC}
		{92E8815D-A76A-41B4-B997-ACF33B266E78} = {82E4CBE8-FE66-4EE4-962B-59F054F739FC}
		{4A54EEFF-7514-4593-BE45-E9E6D63AD46B} = {75AA1A1E-4C42-4CFA-AF3E-0BA97A33ABBD}
		{06733D1D-274F-4388-9727-6625EE563F63} = {82E4CBE8-FE66-4EE4-962B-59F054F739FC}
		{6490C9E9-C554-46FD-B45F-65E92D9D991C} = {82E4CBE8-FE66-4EE4-962B-59F054F739FC}
		{064F3A08-36E8-4D7E-991B-1A4AD60241A5} = {15D7EBA8-C6AC-4758-8396-72FDED42968B}
		{3E954764-DC33-4AD0-9F32-FC773CD37727} = {75AA1A1E-4C42-4CFA-AF3E-0BA97A33ABBD}
		{6E7A1327-8572-466F-8338-3D205B31AB9F} = {75AA1A1E-4C42-4CFA-AF3E-0BA97A33ABBD}
		{D1D75B70-4F50-4B86-868A-152ED8741AF0} = {82E4CBE8-FE66-4EE4-962B-59F054F739FC}
		{739A92B0-3B69-4245-B885-002F98B2FE5D} = {15D7EBA8-C6AC-4758-8396-72FDED42968B}
	EndGlobalSection
EndGlobal
