
Microsoft Visual Studio Solution File, Format Version 12.00
# Visual Studio 14
VisualStudioVersion = 14.0.25420.1
MinimumVisualStudioVersion = 10.0.40219.1
Project("{2150E333-8FDC-42A3-9474-1A3956D46DE8}") = "ORM", "ORM", "{69673476-D8B9-4F55-BA13-52A7CC3D46EF}"
EndProject
Project("{FAE04EC0-301F-11D3-BF4B-00C04F79EFBC}") = "ORM.Common", "ORM\ORM.Common\ORM.Common.csproj", "{E7241F08-D401-450D-A541-76B5C00BD2A5}"
EndProject
Project("{FAE04EC0-301F-11D3-BF4B-00C04F79EFBC}") = "ORM.DAL", "ORM\ORM.DAL\ORM.DAL.csproj", "{7639AB59-0CF3-4CCE-AC4F-773095A17001}"
EndProject
Project("{FAE04EC0-301F-11D3-BF4B-00C04F79EFBC}") = "ORM.MainService", "ORM\ORM.MainService\ORM.MainService.csproj", "{F9494356-5DE6-4813-B506-E891B9F0B4CD}"
EndProject
Project("{FAE04EC0-301F-11D3-BF4B-00C04F79EFBC}") = "ORM.Models", "ORM\ORM.Models\ORM.Models.csproj", "{0BEEF536-C600-48A3-8CF3-C514971F82DB}"
EndProject
Project("{FAE04EC0-301F-11D3-BF4B-00C04F79EFBC}") = "TestORM", "ORM\TestORM\TestORM.csproj", "{49A742F2-5382-4017-82C7-DAF1D3EC23AE}"
EndProject
Project("{FAE04EC0-301F-11D3-BF4B-00C04F79EFBC}") = "AttributeDemo", "AttributeDemo\AttributeDemo.csproj", "{094E0DC1-A339-45C7-8255-64551E26C727}"
EndProject
Global
	GlobalSection(SolutionConfigurationPlatforms) = preSolution
		Debug|Any CPU = Debug|Any CPU
		Release|Any CPU = Release|Any CPU
	EndGlobalSection
	GlobalSection(ProjectConfigurationPlatforms) = postSolution
		{E7241F08-D401-450D-A541-76B5C00BD2A5}.Debug|Any CPU.ActiveCfg = Debug|Any CPU
		{E7241F08-D401-450D-A541-76B5C00BD2A5}.Debug|Any CPU.Build.0 = Debug|Any CPU
		{E7241F08-D401-450D-A541-76B5C00BD2A5}.Release|Any CPU.ActiveCfg = Release|Any CPU
		{E7241F08-D401-450D-A541-76B5C00BD2A5}.Release|Any CPU.Build.0 = Release|Any CPU
		{7639AB59-0CF3-4CCE-AC4F-773095A17001}.Debug|Any CPU.ActiveCfg = Debug|Any CPU
		{7639AB59-0CF3-4CCE-AC4F-773095A17001}.Debug|Any CPU.Build.0 = Debug|Any CPU
		{7639AB59-0CF3-4CCE-AC4F-773095A17001}.Release|Any CPU.ActiveCfg = Release|Any CPU
		{7639AB59-0CF3-4CCE-AC4F-773095A17001}.Release|Any CPU.Build.0 = Release|Any CPU
		{F9494356-5DE6-4813-B506-E891B9F0B4CD}.Debug|Any CPU.ActiveCfg = Debug|Any CPU
		{F9494356-5DE6-4813-B506-E891B9F0B4CD}.Debug|Any CPU.Build.0 = Debug|Any CPU
		{F9494356-5DE6-4813-B506-E891B9F0B4CD}.Release|Any CPU.ActiveCfg = Release|Any CPU
		{F9494356-5DE6-4813-B506-E891B9F0B4CD}.Release|Any CPU.Build.0 = Release|Any CPU
		{0BEEF536-C600-48A3-8CF3-C514971F82DB}.Debug|Any CPU.ActiveCfg = Debug|Any CPU
		{0BEEF536-C600-48A3-8CF3-C514971F82DB}.Debug|Any CPU.Build.0 = Debug|Any CPU
		{0BEEF536-C600-48A3-8CF3-C514971F82DB}.Release|Any CPU.ActiveCfg = Release|Any CPU
		{0BEEF536-C600-48A3-8CF3-C514971F82DB}.Release|Any CPU.Build.0 = Release|Any CPU
		{49A742F2-5382-4017-82C7-DAF1D3EC23AE}.Debug|Any CPU.ActiveCfg = Debug|Any CPU
		{49A742F2-5382-4017-82C7-DAF1D3EC23AE}.Debug|Any CPU.Build.0 = Debug|Any CPU
		{49A742F2-5382-4017-82C7-DAF1D3EC23AE}.Release|Any CPU.ActiveCfg = Release|Any CPU
		{49A742F2-5382-4017-82C7-DAF1D3EC23AE}.Release|Any CPU.Build.0 = Release|Any CPU
		{094E0DC1-A339-45C7-8255-64551E26C727}.Debug|Any CPU.ActiveCfg = Debug|Any CPU
		{094E0DC1-A339-45C7-8255-64551E26C727}.Debug|Any CPU.Build.0 = Debug|Any CPU
		{094E0DC1-A339-45C7-8255-64551E26C727}.Release|Any CPU.ActiveCfg = Release|Any CPU
		{094E0DC1-A339-45C7-8255-64551E26C727}.Release|Any CPU.Build.0 = Release|Any CPU
	EndGlobalSection
	GlobalSection(SolutionProperties) = preSolution
		HideSolutionNode = FALSE
	EndGlobalSection
	GlobalSection(NestedProjects) = preSolution
		{E7241F08-D401-450D-A541-76B5C00BD2A5} = {69673476-D8B9-4F55-BA13-52A7CC3D46EF}
		{7639AB59-0CF3-4CCE-AC4F-773095A17001} = {69673476-D8B9-4F55-BA13-52A7CC3D46EF}
		{F9494356-5DE6-4813-B506-E891B9F0B4CD} = {69673476-D8B9-4F55-BA13-52A7CC3D46EF}
		{0BEEF536-C600-48A3-8CF3-C514971F82DB} = {69673476-D8B9-4F55-BA13-52A7CC3D46EF}
		{49A742F2-5382-4017-82C7-DAF1D3EC23AE} = {69673476-D8B9-4F55-BA13-52A7CC3D46EF}
	EndGlobalSection
EndGlobal
