
Microsoft Visual Studio Solution File, Format Version 12.00
# Visual Studio 2013
VisualStudioVersion = 12.0.31101.0
MinimumVisualStudioVersion = 10.0.40219.1
Project("{2150E333-8FDC-42A3-9474-1A3956D46DE8}") = "1.ESTM.Web", "1.ESTM.Web", "{574529A1-3D68-483C-953B-59E9D51BB5BE}"
EndProject
Project("{2150E333-8FDC-42A3-9474-1A3956D46DE8}") = "3.ESTM.Domain", "3.ESTM.Domain", "{57474513-54B1-4195-ACBB-66710D9D5A31}"
EndProject
Project("{2150E333-8FDC-42A3-9474-1A3956D46DE8}") = "2.ESTM.Application", "2.ESTM.Application", "{E3E36733-71E0-4699-B5E3-D60AAC3E0EF5}"
EndProject
Project("{2150E333-8FDC-42A3-9474-1A3956D46DE8}") = "4.ESTM.Infrastructure", "4.ESTM.Infrastructure", "{DF194A23-9B3A-44A2-AAEF-386E92DDF494}"
EndProject
Project("{FAE04EC0-301F-11D3-BF4B-00C04F79EFBC}") = "ESTM.Web", "ESTM.Web\ESTM.Web.csproj", "{3C116CC0-1BB0-421F-876B-8D3B3348A1A3}"
EndProject
Project("{FAE04EC0-301F-11D3-BF4B-00C04F79EFBC}") = "ESTM.WCF.Service", "ESTM.WCF.Service\ESTM.WCF.Service.csproj", "{77395088-C8C5-44D2-A9D0-522CCFADB35E}"
EndProject
Project("{FAE04EC0-301F-11D3-BF4B-00C04F79EFBC}") = "ESTM.Infrastructure", "ESTM.Infrastructure\ESTM.Infrastructure.csproj", "{1CD62148-644B-4FB5-80D9-260FAA6261E5}"
EndProject
Project("{FAE04EC0-301F-11D3-BF4B-00C04F79EFBC}") = "ESTM.Common.DtoModel", "ESTM.Common.DtoModel\ESTM.Common.DtoModel.csproj", "{2B876374-D347-46FA-AA41-81E91CDF581F}"
EndProject
Project("{FAE04EC0-301F-11D3-BF4B-00C04F79EFBC}") = "ESTM.Utility", "ESTM.Utility\ESTM.Utility.csproj", "{EED3F0B7-520D-44E0-8572-5F404611A782}"
EndProject
Project("{FAE04EC0-301F-11D3-BF4B-00C04F79EFBC}") = "ESTM.Domain", "ESTM.Domain\ESTM.Domain.csproj", "{9AFE0FD4-737A-4ACC-A382-A9DD14216EAA}"
EndProject
Project("{FAE04EC0-301F-11D3-BF4B-00C04F79EFBC}") = "ESTM.Repository", "ESTM.Repository\ESTM.Repository.csproj", "{9DEBEC63-BD05-4AA9-B768-B9B23FADF82D}"
EndProject
Global
	GlobalSection(SolutionConfigurationPlatforms) = preSolution
		Debug|Any CPU = Debug|Any CPU
		Debug|ARM = Debug|ARM
		Debug|x64 = Debug|x64
		Debug|x86 = Debug|x86
		Release|Any CPU = Release|Any CPU
		Release|ARM = Release|ARM
		Release|x64 = Release|x64
		Release|x86 = Release|x86
	EndGlobalSection
	GlobalSection(ProjectConfigurationPlatforms) = postSolution
		{3C116CC0-1BB0-421F-876B-8D3B3348A1A3}.Debug|Any CPU.ActiveCfg = Debug|Any CPU
		{3C116CC0-1BB0-421F-876B-8D3B3348A1A3}.Debug|Any CPU.Build.0 = Debug|Any CPU
		{3C116CC0-1BB0-421F-876B-8D3B3348A1A3}.Debug|ARM.ActiveCfg = Debug|Any CPU
		{3C116CC0-1BB0-421F-876B-8D3B3348A1A3}.Debug|x64.ActiveCfg = Debug|Any CPU
		{3C116CC0-1BB0-421F-876B-8D3B3348A1A3}.Debug|x86.ActiveCfg = Debug|Any CPU
		{3C116CC0-1BB0-421F-876B-8D3B3348A1A3}.Release|Any CPU.ActiveCfg = Release|Any CPU
		{3C116CC0-1BB0-421F-876B-8D3B3348A1A3}.Release|Any CPU.Build.0 = Release|Any CPU
		{3C116CC0-1BB0-421F-876B-8D3B3348A1A3}.Release|ARM.ActiveCfg = Release|Any CPU
		{3C116CC0-1BB0-421F-876B-8D3B3348A1A3}.Release|x64.ActiveCfg = Release|Any CPU
		{3C116CC0-1BB0-421F-876B-8D3B3348A1A3}.Release|x86.ActiveCfg = Release|Any CPU
		{77395088-C8C5-44D2-A9D0-522CCFADB35E}.Debug|Any CPU.ActiveCfg = Debug|Any CPU
		{77395088-C8C5-44D2-A9D0-522CCFADB35E}.Debug|Any CPU.Build.0 = Debug|Any CPU
		{77395088-C8C5-44D2-A9D0-522CCFADB35E}.Debug|ARM.ActiveCfg = Debug|Any CPU
		{77395088-C8C5-44D2-A9D0-522CCFADB35E}.Debug|x64.ActiveCfg = Debug|Any CPU
		{77395088-C8C5-44D2-A9D0-522CCFADB35E}.Debug|x86.ActiveCfg = Debug|Any CPU
		{77395088-C8C5-44D2-A9D0-522CCFADB35E}.Release|Any CPU.ActiveCfg = Release|Any CPU
		{77395088-C8C5-44D2-A9D0-522CCFADB35E}.Release|Any CPU.Build.0 = Release|Any CPU
		{77395088-C8C5-44D2-A9D0-522CCFADB35E}.Release|ARM.ActiveCfg = Release|Any CPU
		{77395088-C8C5-44D2-A9D0-522CCFADB35E}.Release|x64.ActiveCfg = Release|Any CPU
		{77395088-C8C5-44D2-A9D0-522CCFADB35E}.Release|x86.ActiveCfg = Release|Any CPU
		{1CD62148-644B-4FB5-80D9-260FAA6261E5}.Debug|Any CPU.ActiveCfg = Debug|Any CPU
		{1CD62148-644B-4FB5-80D9-260FAA6261E5}.Debug|Any CPU.Build.0 = Debug|Any CPU
		{1CD62148-644B-4FB5-80D9-260FAA6261E5}.Debug|ARM.ActiveCfg = Debug|Any CPU
		{1CD62148-644B-4FB5-80D9-260FAA6261E5}.Debug|x64.ActiveCfg = Debug|Any CPU
		{1CD62148-644B-4FB5-80D9-260FAA6261E5}.Debug|x86.ActiveCfg = Debug|Any CPU
		{1CD62148-644B-4FB5-80D9-260FAA6261E5}.Release|Any CPU.ActiveCfg = Release|Any CPU
		{1CD62148-644B-4FB5-80D9-260FAA6261E5}.Release|Any CPU.Build.0 = Release|Any CPU
		{1CD62148-644B-4FB5-80D9-260FAA6261E5}.Release|ARM.ActiveCfg = Release|Any CPU
		{1CD62148-644B-4FB5-80D9-260FAA6261E5}.Release|x64.ActiveCfg = Release|Any CPU
		{1CD62148-644B-4FB5-80D9-260FAA6261E5}.Release|x86.ActiveCfg = Release|Any CPU
		{2B876374-D347-46FA-AA41-81E91CDF581F}.Debug|Any CPU.ActiveCfg = Debug|Any CPU
		{2B876374-D347-46FA-AA41-81E91CDF581F}.Debug|Any CPU.Build.0 = Debug|Any CPU
		{2B876374-D347-46FA-AA41-81E91CDF581F}.Debug|ARM.ActiveCfg = Debug|Any CPU
		{2B876374-D347-46FA-AA41-81E91CDF581F}.Debug|x64.ActiveCfg = Debug|Any CPU
		{2B876374-D347-46FA-AA41-81E91CDF581F}.Debug|x86.ActiveCfg = Debug|Any CPU
		{2B876374-D347-46FA-AA41-81E91CDF581F}.Release|Any CPU.ActiveCfg = Release|Any CPU
		{2B876374-D347-46FA-AA41-81E91CDF581F}.Release|Any CPU.Build.0 = Release|Any CPU
		{2B876374-D347-46FA-AA41-81E91CDF581F}.Release|ARM.ActiveCfg = Release|Any CPU
		{2B876374-D347-46FA-AA41-81E91CDF581F}.Release|x64.ActiveCfg = Release|Any CPU
		{2B876374-D347-46FA-AA41-81E91CDF581F}.Release|x86.ActiveCfg = Release|Any CPU
		{EED3F0B7-520D-44E0-8572-5F404611A782}.Debug|Any CPU.ActiveCfg = Debug|Any CPU
		{EED3F0B7-520D-44E0-8572-5F404611A782}.Debug|Any CPU.Build.0 = Debug|Any CPU
		{EED3F0B7-520D-44E0-8572-5F404611A782}.Debug|ARM.ActiveCfg = Debug|Any CPU
		{EED3F0B7-520D-44E0-8572-5F404611A782}.Debug|x64.ActiveCfg = Debug|Any CPU
		{EED3F0B7-520D-44E0-8572-5F404611A782}.Debug|x86.ActiveCfg = Debug|Any CPU
		{EED3F0B7-520D-44E0-8572-5F404611A782}.Release|Any CPU.ActiveCfg = Release|Any CPU
		{EED3F0B7-520D-44E0-8572-5F404611A782}.Release|Any CPU.Build.0 = Release|Any CPU
		{EED3F0B7-520D-44E0-8572-5F404611A782}.Release|ARM.ActiveCfg = Release|Any CPU
		{EED3F0B7-520D-44E0-8572-5F404611A782}.Release|x64.ActiveCfg = Release|Any CPU
		{EED3F0B7-520D-44E0-8572-5F404611A782}.Release|x86.ActiveCfg = Release|Any CPU
		{9AFE0FD4-737A-4ACC-A382-A9DD14216EAA}.Debug|Any CPU.ActiveCfg = Debug|Any CPU
		{9AFE0FD4-737A-4ACC-A382-A9DD14216EAA}.Debug|Any CPU.Build.0 = Debug|Any CPU
		{9AFE0FD4-737A-4ACC-A382-A9DD14216EAA}.Debug|ARM.ActiveCfg = Debug|Any CPU
		{9AFE0FD4-737A-4ACC-A382-A9DD14216EAA}.Debug|x64.ActiveCfg = Debug|Any CPU
		{9AFE0FD4-737A-4ACC-A382-A9DD14216EAA}.Debug|x86.ActiveCfg = Debug|Any CPU
		{9AFE0FD4-737A-4ACC-A382-A9DD14216EAA}.Release|Any CPU.ActiveCfg = Release|Any CPU
		{9AFE0FD4-737A-4ACC-A382-A9DD14216EAA}.Release|Any CPU.Build.0 = Release|Any CPU
		{9AFE0FD4-737A-4ACC-A382-A9DD14216EAA}.Release|ARM.ActiveCfg = Release|Any CPU
		{9AFE0FD4-737A-4ACC-A382-A9DD14216EAA}.Release|x64.ActiveCfg = Release|Any CPU
		{9AFE0FD4-737A-4ACC-A382-A9DD14216EAA}.Release|x86.ActiveCfg = Release|Any CPU
		{9DEBEC63-BD05-4AA9-B768-B9B23FADF82D}.Debug|Any CPU.ActiveCfg = Debug|Any CPU
		{9DEBEC63-BD05-4AA9-B768-B9B23FADF82D}.Debug|Any CPU.Build.0 = Debug|Any CPU
		{9DEBEC63-BD05-4AA9-B768-B9B23FADF82D}.Debug|ARM.ActiveCfg = Debug|Any CPU
		{9DEBEC63-BD05-4AA9-B768-B9B23FADF82D}.Debug|x64.ActiveCfg = Debug|Any CPU
		{9DEBEC63-BD05-4AA9-B768-B9B23FADF82D}.Debug|x86.ActiveCfg = Debug|Any CPU
		{9DEBEC63-BD05-4AA9-B768-B9B23FADF82D}.Release|Any CPU.ActiveCfg = Release|Any CPU
		{9DEBEC63-BD05-4AA9-B768-B9B23FADF82D}.Release|Any CPU.Build.0 = Release|Any CPU
		{9DEBEC63-BD05-4AA9-B768-B9B23FADF82D}.Release|ARM.ActiveCfg = Release|Any CPU
		{9DEBEC63-BD05-4AA9-B768-B9B23FADF82D}.Release|x64.ActiveCfg = Release|Any CPU
		{9DEBEC63-BD05-4AA9-B768-B9B23FADF82D}.Release|x86.ActiveCfg = Release|Any CPU
	EndGlobalSection
	GlobalSection(SolutionProperties) = preSolution
		HideSolutionNode = FALSE
	EndGlobalSection
	GlobalSection(NestedProjects) = preSolution
		{3C116CC0-1BB0-421F-876B-8D3B3348A1A3} = {574529A1-3D68-483C-953B-59E9D51BB5BE}
		{77395088-C8C5-44D2-A9D0-522CCFADB35E} = {E3E36733-71E0-4699-B5E3-D60AAC3E0EF5}
		{1CD62148-644B-4FB5-80D9-260FAA6261E5} = {DF194A23-9B3A-44A2-AAEF-386E92DDF494}
		{2B876374-D347-46FA-AA41-81E91CDF581F} = {DF194A23-9B3A-44A2-AAEF-386E92DDF494}
		{EED3F0B7-520D-44E0-8572-5F404611A782} = {DF194A23-9B3A-44A2-AAEF-386E92DDF494}
		{9AFE0FD4-737A-4ACC-A382-A9DD14216EAA} = {57474513-54B1-4195-ACBB-66710D9D5A31}
		{9DEBEC63-BD05-4AA9-B768-B9B23FADF82D} = {DF194A23-9B3A-44A2-AAEF-386E92DDF494}
	EndGlobalSection
EndGlobal
