
Microsoft Visual Studio Solution File, Format Version 12.00
# Visual Studio 14
VisualStudioVersion = 14.0.25420.1
MinimumVisualStudioVersion = 10.0.40219.1
Project("{2150E333-8FDC-42A3-9474-1A3956D46DE8}") = "没有使用命令模式", "没有使用命令模式", "{7B35A71B-81DD-4D4B-84C4-933FF77D54B1}"
EndProject
Project("{FAE04EC0-301F-11D3-BF4B-00C04F79EFBC}") = "NonCommandPattern", "NonCommandPattern\NonCommandPattern.csproj", "{7B9EFD7E-6922-4C44-9500-EA5165633D32}"
EndProject
Project("{2150E333-8FDC-42A3-9474-1A3956D46DE8}") = "命令模式的应用", "命令模式的应用", "{4103A642-10D1-42D4-ACE8-E56B79637C7A}"
EndProject
Project("{FAE04EC0-301F-11D3-BF4B-00C04F79EFBC}") = "CommandPattern", "CommandPattern\CommandPattern.csproj", "{CAFFD4E2-EEE9-40FC-B643-A53D6934ADBA}"
EndProject
Global
	GlobalSection(SolutionConfigurationPlatforms) = preSolution
		Debug|Any CPU = Debug|Any CPU
		Release|Any CPU = Release|Any CPU
	EndGlobalSection
	GlobalSection(ProjectConfigurationPlatforms) = postSolution
		{7B9EFD7E-6922-4C44-9500-EA5165633D32}.Debug|Any CPU.ActiveCfg = Debug|Any CPU
		{7B9EFD7E-6922-4C44-9500-EA5165633D32}.Debug|Any CPU.Build.0 = Debug|Any CPU
		{7B9EFD7E-6922-4C44-9500-EA5165633D32}.Release|Any CPU.ActiveCfg = Release|Any CPU
		{7B9EFD7E-6922-4C44-9500-EA5165633D32}.Release|Any CPU.Build.0 = Release|Any CPU
		{CAFFD4E2-EEE9-40FC-B643-A53D6934ADBA}.Debug|Any CPU.ActiveCfg = Debug|Any CPU
		{CAFFD4E2-EEE9-40FC-B643-A53D6934ADBA}.Debug|Any CPU.Build.0 = Debug|Any CPU
		{CAFFD4E2-EEE9-40FC-B643-A53D6934ADBA}.Release|Any CPU.ActiveCfg = Release|Any CPU
		{CAFFD4E2-EEE9-40FC-B643-A53D6934ADBA}.Release|Any CPU.Build.0 = Release|Any CPU
	EndGlobalSection
	GlobalSection(SolutionProperties) = preSolution
		HideSolutionNode = FALSE
	EndGlobalSection
	GlobalSection(NestedProjects) = preSolution
		{7B9EFD7E-6922-4C44-9500-EA5165633D32} = {7B35A71B-81DD-4D4B-84C4-933FF77D54B1}
		{CAFFD4E2-EEE9-40FC-B643-A53D6934ADBA} = {4103A642-10D1-42D4-ACE8-E56B79637C7A}
	EndGlobalSection
EndGlobal
