
Microsoft Visual Studio Solution File, Format Version 12.00
# Visual Studio 14
VisualStudioVersion = 14.0.25420.1
MinimumVisualStudioVersion = 10.0.40219.1
Project("{FAE04EC0-301F-11D3-BF4B-00C04F79EFBC}") = "ProjectUI", "ProjectUI\ProjectUI.csproj", "{FE86033B-809B-4CF1-B58A-DE5ABEDFA4C9}"
EndProject
Project("{2150E333-8FDC-42A3-9474-1A3956D46DE8}") = "Business", "Business", "{59916408-2710-4238-B585-B458192D3E97}"
EndProject
Project("{2150E333-8FDC-42A3-9474-1A3956D46DE8}") = "DataAccess", "DataAccess", "{76733261-6BCC-427C-BA8A-390A5A2B1075}"
EndProject
Project("{2150E333-8FDC-42A3-9474-1A3956D46DE8}") = "Models", "Models", "{248CB1F3-E8C0-469D-9565-B79FACA16B18}"
EndProject
Project("{FAE04EC0-301F-11D3-BF4B-00C04F79EFBC}") = "ProjectName.Models", "ProjectName.Models\ProjectName.Models.csproj", "{BEF2C178-249A-4EA3-B11D-2387EA6EB3BC}"
EndProject
Project("{FAE04EC0-301F-11D3-BF4B-00C04F79EFBC}") = "ProjectName.IBLL", "ProjectName.IBLL\ProjectName.IBLL.csproj", "{989C059E-AB1B-4FD3-A0D7-20DEEC13454C}"
EndProject
Project("{FAE04EC0-301F-11D3-BF4B-00C04F79EFBC}") = "ProjectName.BLL", "ProjectName.BLL\ProjectName.BLL.csproj", "{49AE7FD0-9A10-4AD7-B063-9E56E088333A}"
EndProject
Project("{FAE04EC0-301F-11D3-BF4B-00C04F79EFBC}") = "ProjectName.IDAL", "ProjectName.IDAL\ProjectName.IDAL.csproj", "{BADC556C-CFB0-4D82-9152-76A076A8E498}"
EndProject
Project("{FAE04EC0-301F-11D3-BF4B-00C04F79EFBC}") = "ProjectName.DAL", "ProjectName.DAL\ProjectName.DAL.csproj", "{B3589AE5-6AEA-48CF-AC40-4660F23190BB}"
EndProject
Global
	GlobalSection(SolutionConfigurationPlatforms) = preSolution
		Debug|Any CPU = Debug|Any CPU
		Release|Any CPU = Release|Any CPU
	EndGlobalSection
	GlobalSection(ProjectConfigurationPlatforms) = postSolution
		{FE86033B-809B-4CF1-B58A-DE5ABEDFA4C9}.Debug|Any CPU.ActiveCfg = Debug|Any CPU
		{FE86033B-809B-4CF1-B58A-DE5ABEDFA4C9}.Debug|Any CPU.Build.0 = Debug|Any CPU
		{FE86033B-809B-4CF1-B58A-DE5ABEDFA4C9}.Release|Any CPU.ActiveCfg = Release|Any CPU
		{FE86033B-809B-4CF1-B58A-DE5ABEDFA4C9}.Release|Any CPU.Build.0 = Release|Any CPU
		{BEF2C178-249A-4EA3-B11D-2387EA6EB3BC}.Debug|Any CPU.ActiveCfg = Debug|Any CPU
		{BEF2C178-249A-4EA3-B11D-2387EA6EB3BC}.Debug|Any CPU.Build.0 = Debug|Any CPU
		{BEF2C178-249A-4EA3-B11D-2387EA6EB3BC}.Release|Any CPU.ActiveCfg = Release|Any CPU
		{BEF2C178-249A-4EA3-B11D-2387EA6EB3BC}.Release|Any CPU.Build.0 = Release|Any CPU
		{989C059E-AB1B-4FD3-A0D7-20DEEC13454C}.Debug|Any CPU.ActiveCfg = Debug|Any CPU
		{989C059E-AB1B-4FD3-A0D7-20DEEC13454C}.Debug|Any CPU.Build.0 = Debug|Any CPU
		{989C059E-AB1B-4FD3-A0D7-20DEEC13454C}.Release|Any CPU.ActiveCfg = Release|Any CPU
		{989C059E-AB1B-4FD3-A0D7-20DEEC13454C}.Release|Any CPU.Build.0 = Release|Any CPU
		{49AE7FD0-9A10-4AD7-B063-9E56E088333A}.Debug|Any CPU.ActiveCfg = Debug|Any CPU
		{49AE7FD0-9A10-4AD7-B063-9E56E088333A}.Debug|Any CPU.Build.0 = Debug|Any CPU
		{49AE7FD0-9A10-4AD7-B063-9E56E088333A}.Release|Any CPU.ActiveCfg = Release|Any CPU
		{49AE7FD0-9A10-4AD7-B063-9E56E088333A}.Release|Any CPU.Build.0 = Release|Any CPU
		{BADC556C-CFB0-4D82-9152-76A076A8E498}.Debug|Any CPU.ActiveCfg = Debug|Any CPU
		{BADC556C-CFB0-4D82-9152-76A076A8E498}.Debug|Any CPU.Build.0 = Debug|Any CPU
		{BADC556C-CFB0-4D82-9152-76A076A8E498}.Release|Any CPU.ActiveCfg = Release|Any CPU
		{BADC556C-CFB0-4D82-9152-76A076A8E498}.Release|Any CPU.Build.0 = Release|Any CPU
		{B3589AE5-6AEA-48CF-AC40-4660F23190BB}.Debug|Any CPU.ActiveCfg = Debug|Any CPU
		{B3589AE5-6AEA-48CF-AC40-4660F23190BB}.Debug|Any CPU.Build.0 = Debug|Any CPU
		{B3589AE5-6AEA-48CF-AC40-4660F23190BB}.Release|Any CPU.ActiveCfg = Release|Any CPU
		{B3589AE5-6AEA-48CF-AC40-4660F23190BB}.Release|Any CPU.Build.0 = Release|Any CPU
	EndGlobalSection
	GlobalSection(SolutionProperties) = preSolution
		HideSolutionNode = FALSE
	EndGlobalSection
	GlobalSection(NestedProjects) = preSolution
		{BEF2C178-249A-4EA3-B11D-2387EA6EB3BC} = {248CB1F3-E8C0-469D-9565-B79FACA16B18}
		{989C059E-AB1B-4FD3-A0D7-20DEEC13454C} = {59916408-2710-4238-B585-B458192D3E97}
		{49AE7FD0-9A10-4AD7-B063-9E56E088333A} = {59916408-2710-4238-B585-B458192D3E97}
		{BADC556C-CFB0-4D82-9152-76A076A8E498} = {76733261-6BCC-427C-BA8A-390A5A2B1075}
		{B3589AE5-6AEA-48CF-AC40-4660F23190BB} = {76733261-6BCC-427C-BA8A-390A5A2B1075}
	EndGlobalSection
EndGlobal
