
Microsoft Visual Studio Solution File, Format Version 12.00
# Visual Studio 14
VisualStudioVersion = 14.0.25420.1
MinimumVisualStudioVersion = 10.0.40219.1
Project("{FAE04EC0-301F-11D3-BF4B-00C04F79EFBC}") = "SingleResponsibilityPrinciple", "SingleResponsibilityPrinciple\SingleResponsibilityPrinciple.csproj", "{CBAD5B66-4228-4D99-8C85-54DC69907A06}"
EndProject
Project("{2150E333-8FDC-42A3-9474-1A3956D46DE8}") = "1.对象单一职责（SRP）", "1.对象单一职责（SRP）", "{13AEF338-12A2-4EE2-B546-6639E287B806}"
EndProject
Project("{FAE04EC0-301F-11D3-BF4B-00C04F79EFBC}") = "DAL", "DAL\DAL.csproj", "{B918954B-5E7F-4C28-9607-13F19943F6AB}"
EndProject
Project("{FAE04EC0-301F-11D3-BF4B-00C04F79EFBC}") = "BLL", "BLL\BLL.csproj", "{55F32E09-CE0F-44EF-9B12-D89635DCBCCB}"
EndProject
Project("{FAE04EC0-301F-11D3-BF4B-00C04F79EFBC}") = "Models", "Models\Models.csproj", "{660B4130-ABE6-42A4-AE47-AEB38B778CDE}"
EndProject
Project("{FAE04EC0-301F-11D3-BF4B-00C04F79EFBC}") = "DBUtility", "DBUtility\DBUtility.csproj", "{DD2C5585-3A79-4981-BC60-8D12156D5237}"
EndProject
Project("{FAE04EC0-301F-11D3-BF4B-00C04F79EFBC}") = "Common", "Common\Common.csproj", "{67414EC8-86D2-496F-A4C4-9CA14D88E0B4}"
EndProject
Project("{2150E333-8FDC-42A3-9474-1A3956D46DE8}") = "2.里氏替换原则（LSP）", "2.里氏替换原则（LSP）", "{2C627B2B-1226-4C56-B0D3-57E89B19FB8E}"
EndProject
Project("{FAE04EC0-301F-11D3-BF4B-00C04F79EFBC}") = "Liskov-substitution-principle", "Liskov-substitution-principle\Liskov-substitution-principle.csproj", "{9CE058E5-292F-480E-B1BB-BC19D560DDFF}"
EndProject
Project("{2150E333-8FDC-42A3-9474-1A3956D46DE8}") = "3.迪米特法则（LoD）+4.开闭原则（OCP）", "3.迪米特法则（LoD）+4.开闭原则（OCP）", "{F6DA509C-4915-4943-929C-3814724570F8}"
EndProject
Project("{FAE04EC0-301F-11D3-BF4B-00C04F79EFBC}") = "Law-of-Demeter", "Law-of-Demeter\Law-of-Demeter.csproj", "{D723AC5A-84BC-41B4-AC8F-DFD93691E144}"
EndProject
Project("{2150E333-8FDC-42A3-9474-1A3956D46DE8}") = "5.依赖倒置原则", "5.依赖倒置原则", "{D76D1FB0-A3CE-4633-9381-3ED369DD4C44}"
EndProject
Project("{FAE04EC0-301F-11D3-BF4B-00C04F79EFBC}") = "Dependecy-Inversion-Principle", "Dependecy-Inversion-Principle\Dependecy-Inversion-Principle.csproj", "{9A5CD8B2-5F46-4D2E-A419-461FC4F84A20}"
EndProject
Project("{2150E333-8FDC-42A3-9474-1A3956D46DE8}") = "6.接口隔离原则", "6.接口隔离原则", "{54CF06F0-A1E4-4B5E-95F3-C7549EBCC937}"
EndProject
Project("{FAE04EC0-301F-11D3-BF4B-00C04F79EFBC}") = "InterfaceSegregationPrinciple", "InterfaceSegregationPrinciple\InterfaceSegregationPrinciple.csproj", "{87A32211-6AE9-478A-AF03-8E89BE025D65}"
EndProject
Global
	GlobalSection(SolutionConfigurationPlatforms) = preSolution
		Debug|Any CPU = Debug|Any CPU
		Release|Any CPU = Release|Any CPU
	EndGlobalSection
	GlobalSection(ProjectConfigurationPlatforms) = postSolution
		{CBAD5B66-4228-4D99-8C85-54DC69907A06}.Debug|Any CPU.ActiveCfg = Debug|Any CPU
		{CBAD5B66-4228-4D99-8C85-54DC69907A06}.Debug|Any CPU.Build.0 = Debug|Any CPU
		{CBAD5B66-4228-4D99-8C85-54DC69907A06}.Release|Any CPU.ActiveCfg = Release|Any CPU
		{CBAD5B66-4228-4D99-8C85-54DC69907A06}.Release|Any CPU.Build.0 = Release|Any CPU
		{B918954B-5E7F-4C28-9607-13F19943F6AB}.Debug|Any CPU.ActiveCfg = Debug|Any CPU
		{B918954B-5E7F-4C28-9607-13F19943F6AB}.Debug|Any CPU.Build.0 = Debug|Any CPU
		{B918954B-5E7F-4C28-9607-13F19943F6AB}.Release|Any CPU.ActiveCfg = Release|Any CPU
		{B918954B-5E7F-4C28-9607-13F19943F6AB}.Release|Any CPU.Build.0 = Release|Any CPU
		{55F32E09-CE0F-44EF-9B12-D89635DCBCCB}.Debug|Any CPU.ActiveCfg = Debug|Any CPU
		{55F32E09-CE0F-44EF-9B12-D89635DCBCCB}.Debug|Any CPU.Build.0 = Debug|Any CPU
		{55F32E09-CE0F-44EF-9B12-D89635DCBCCB}.Release|Any CPU.ActiveCfg = Release|Any CPU
		{55F32E09-CE0F-44EF-9B12-D89635DCBCCB}.Release|Any CPU.Build.0 = Release|Any CPU
		{660B4130-ABE6-42A4-AE47-AEB38B778CDE}.Debug|Any CPU.ActiveCfg = Debug|Any CPU
		{660B4130-ABE6-42A4-AE47-AEB38B778CDE}.Debug|Any CPU.Build.0 = Debug|Any CPU
		{660B4130-ABE6-42A4-AE47-AEB38B778CDE}.Release|Any CPU.ActiveCfg = Release|Any CPU
		{660B4130-ABE6-42A4-AE47-AEB38B778CDE}.Release|Any CPU.Build.0 = Release|Any CPU
		{DD2C5585-3A79-4981-BC60-8D12156D5237}.Debug|Any CPU.ActiveCfg = Debug|Any CPU
		{DD2C5585-3A79-4981-BC60-8D12156D5237}.Debug|Any CPU.Build.0 = Debug|Any CPU
		{DD2C5585-3A79-4981-BC60-8D12156D5237}.Release|Any CPU.ActiveCfg = Release|Any CPU
		{DD2C5585-3A79-4981-BC60-8D12156D5237}.Release|Any CPU.Build.0 = Release|Any CPU
		{67414EC8-86D2-496F-A4C4-9CA14D88E0B4}.Debug|Any CPU.ActiveCfg = Debug|Any CPU
		{67414EC8-86D2-496F-A4C4-9CA14D88E0B4}.Debug|Any CPU.Build.0 = Debug|Any CPU
		{67414EC8-86D2-496F-A4C4-9CA14D88E0B4}.Release|Any CPU.ActiveCfg = Release|Any CPU
		{67414EC8-86D2-496F-A4C4-9CA14D88E0B4}.Release|Any CPU.Build.0 = Release|Any CPU
		{9CE058E5-292F-480E-B1BB-BC19D560DDFF}.Debug|Any CPU.ActiveCfg = Debug|Any CPU
		{9CE058E5-292F-480E-B1BB-BC19D560DDFF}.Debug|Any CPU.Build.0 = Debug|Any CPU
		{9CE058E5-292F-480E-B1BB-BC19D560DDFF}.Release|Any CPU.ActiveCfg = Release|Any CPU
		{9CE058E5-292F-480E-B1BB-BC19D560DDFF}.Release|Any CPU.Build.0 = Release|Any CPU
		{D723AC5A-84BC-41B4-AC8F-DFD93691E144}.Debug|Any CPU.ActiveCfg = Debug|Any CPU
		{D723AC5A-84BC-41B4-AC8F-DFD93691E144}.Debug|Any CPU.Build.0 = Debug|Any CPU
		{D723AC5A-84BC-41B4-AC8F-DFD93691E144}.Release|Any CPU.ActiveCfg = Release|Any CPU
		{D723AC5A-84BC-41B4-AC8F-DFD93691E144}.Release|Any CPU.Build.0 = Release|Any CPU
		{9A5CD8B2-5F46-4D2E-A419-461FC4F84A20}.Debug|Any CPU.ActiveCfg = Debug|Any CPU
		{9A5CD8B2-5F46-4D2E-A419-461FC4F84A20}.Debug|Any CPU.Build.0 = Debug|Any CPU
		{9A5CD8B2-5F46-4D2E-A419-461FC4F84A20}.Release|Any CPU.ActiveCfg = Release|Any CPU
		{9A5CD8B2-5F46-4D2E-A419-461FC4F84A20}.Release|Any CPU.Build.0 = Release|Any CPU
		{87A32211-6AE9-478A-AF03-8E89BE025D65}.Debug|Any CPU.ActiveCfg = Debug|Any CPU
		{87A32211-6AE9-478A-AF03-8E89BE025D65}.Debug|Any CPU.Build.0 = Debug|Any CPU
		{87A32211-6AE9-478A-AF03-8E89BE025D65}.Release|Any CPU.ActiveCfg = Release|Any CPU
		{87A32211-6AE9-478A-AF03-8E89BE025D65}.Release|Any CPU.Build.0 = Release|Any CPU
	EndGlobalSection
	GlobalSection(SolutionProperties) = preSolution
		HideSolutionNode = FALSE
	EndGlobalSection
	GlobalSection(NestedProjects) = preSolution
		{CBAD5B66-4228-4D99-8C85-54DC69907A06} = {13AEF338-12A2-4EE2-B546-6639E287B806}
		{B918954B-5E7F-4C28-9607-13F19943F6AB} = {13AEF338-12A2-4EE2-B546-6639E287B806}
		{55F32E09-CE0F-44EF-9B12-D89635DCBCCB} = {13AEF338-12A2-4EE2-B546-6639E287B806}
		{660B4130-ABE6-42A4-AE47-AEB38B778CDE} = {13AEF338-12A2-4EE2-B546-6639E287B806}
		{DD2C5585-3A79-4981-BC60-8D12156D5237} = {13AEF338-12A2-4EE2-B546-6639E287B806}
		{67414EC8-86D2-496F-A4C4-9CA14D88E0B4} = {13AEF338-12A2-4EE2-B546-6639E287B806}
		{9CE058E5-292F-480E-B1BB-BC19D560DDFF} = {2C627B2B-1226-4C56-B0D3-57E89B19FB8E}
		{D723AC5A-84BC-41B4-AC8F-DFD93691E144} = {F6DA509C-4915-4943-929C-3814724570F8}
		{9A5CD8B2-5F46-4D2E-A419-461FC4F84A20} = {D76D1FB0-A3CE-4633-9381-3ED369DD4C44}
		{87A32211-6AE9-478A-AF03-8E89BE025D65} = {54CF06F0-A1E4-4B5E-95F3-C7549EBCC937}
	EndGlobalSection
	GlobalSection(ExtensibilityGlobals) = postSolution
		SolutionGuid = {11A551D1-E2B6-417A-9D6D-BA955A7651F9}
	EndGlobalSection
EndGlobal
