
Microsoft Visual Studio Solution File, Format Version 12.00
# Visual Studio 14
VisualStudioVersion = 14.0.25420.1
MinimumVisualStudioVersion = 10.0.40219.1
Project("{FAE04EC0-301F-11D3-BF4B-00C04F79EFBC}") = "Thread01", "Thread01\Thread01.csproj", "{3135A1B8-D3FB-4BB2-8D45-5AC290DD470D}"
EndProject
Project("{FAE04EC0-301F-11D3-BF4B-00C04F79EFBC}") = "Thread02", "Thread02\Thread02.csproj", "{AC7246E1-9648-4E12-9F5A-FF08359C637C}"
EndProject
Global
	GlobalSection(SolutionConfigurationPlatforms) = preSolution
		Debug|Any CPU = Debug|Any CPU
		Release|Any CPU = Release|Any CPU
	EndGlobalSection
	GlobalSection(ProjectConfigurationPlatforms) = postSolution
		{3135A1B8-D3FB-4BB2-8D45-5AC290DD470D}.Debug|Any CPU.ActiveCfg = Debug|Any CPU
		{3135A1B8-D3FB-4BB2-8D45-5AC290DD470D}.Debug|Any CPU.Build.0 = Debug|Any CPU
		{3135A1B8-D3FB-4BB2-8D45-5AC290DD470D}.Release|Any CPU.ActiveCfg = Release|Any CPU
		{3135A1B8-D3FB-4BB2-8D45-5AC290DD470D}.Release|Any CPU.Build.0 = Release|Any CPU
		{AC7246E1-9648-4E12-9F5A-FF08359C637C}.Debug|Any CPU.ActiveCfg = Debug|Any CPU
		{AC7246E1-9648-4E12-9F5A-FF08359C637C}.Debug|Any CPU.Build.0 = Debug|Any CPU
		{AC7246E1-9648-4E12-9F5A-FF08359C637C}.Release|Any CPU.ActiveCfg = Release|Any CPU
		{AC7246E1-9648-4E12-9F5A-FF08359C637C}.Release|Any CPU.Build.0 = Release|Any CPU
	EndGlobalSection
	GlobalSection(SolutionProperties) = preSolution
		HideSolutionNode = FALSE
	EndGlobalSection
EndGlobal
