
Microsoft Visual Studio Solution File, Format Version 12.00
# Visual Studio 14
VisualStudioVersion = 14.0.25420.1
MinimumVisualStudioVersion = 10.0.40219.1
Project("{FAE04EC0-301F-11D3-BF4B-00C04F79EFBC}") = "ReflectionDemo", "ReflectionDemo\ReflectionDemo.csproj", "{BF148542-314D-4651-AC6B-CFA14CACFF3E}"
EndProject
Project("{FAE04EC0-301F-11D3-BF4B-00C04F79EFBC}") = "ORM.MainService", "ORM.MainService\ORM.MainService.csproj", "{3CA4614A-FCAF-4E7A-AFFE-DE87BB88F6C1}"
EndProject
Global
	GlobalSection(SolutionConfigurationPlatforms) = preSolution
		Debug|Any CPU = Debug|Any CPU
		Release|Any CPU = Release|Any CPU
	EndGlobalSection
	GlobalSection(ProjectConfigurationPlatforms) = postSolution
		{BF148542-314D-4651-AC6B-CFA14CACFF3E}.Debug|Any CPU.ActiveCfg = Debug|Any CPU
		{BF148542-314D-4651-AC6B-CFA14CACFF3E}.Debug|Any CPU.Build.0 = Debug|Any CPU
		{BF148542-314D-4651-AC6B-CFA14CACFF3E}.Release|Any CPU.ActiveCfg = Release|Any CPU
		{BF148542-314D-4651-AC6B-CFA14CACFF3E}.Release|Any CPU.Build.0 = Release|Any CPU
		{3CA4614A-FCAF-4E7A-AFFE-DE87BB88F6C1}.Debug|Any CPU.ActiveCfg = Debug|Any CPU
		{3CA4614A-FCAF-4E7A-AFFE-DE87BB88F6C1}.Debug|Any CPU.Build.0 = Debug|Any CPU
		{3CA4614A-FCAF-4E7A-AFFE-DE87BB88F6C1}.Release|Any CPU.ActiveCfg = Release|Any CPU
		{3CA4614A-FCAF-4E7A-AFFE-DE87BB88F6C1}.Release|Any CPU.Build.0 = Release|Any CPU
	EndGlobalSection
	GlobalSection(SolutionProperties) = preSolution
		HideSolutionNode = FALSE
	EndGlobalSection
EndGlobal
