
Microsoft Visual Studio Solution File, Format Version 12.00
# Visual Studio 2012
Project("{FAE04EC0-301F-11D3-BF4B-00C04F79EFBC}") = "001-调试和错误处理", "001-调试和错误处理\001-调试和错误处理.csproj", "{29567F63-E971-4C99-8DBC-C1CFCE406761}"
EndProject
Project("{FAE04EC0-301F-11D3-BF4B-00C04F79EFBC}") = "002-中断模式下的调试", "201-中断模式下的调试\002-中断模式下的调试.csproj", "{C3D5542B-CA8E-4B79-AE17-420394908530}"
EndProject
Project("{FAE04EC0-301F-11D3-BF4B-00C04F79EFBC}") = "003-错误处理（异常处理）", "003-错误处理（异常处理）\003-错误处理（异常处理）.csproj", "{CD21E5C9-B5E0-47E5-B7DF-F415519435FB}"
EndProject
Project("{FAE04EC0-301F-11D3-BF4B-00C04F79EFBC}") = "004-异常处理-案例2", "004-异常处理-案例2\004-异常处理-案例2.csproj", "{84C89CF3-14FF-4B4D-A0A1-0D40DE005EB4}"
EndProject
Project("{FAE04EC0-301F-11D3-BF4B-00C04F79EFBC}") = "005-面向对象编程-类", "005-面向对象编程-类\005-面向对象编程-类.csproj", "{EE8859B4-1D31-4894-BA12-9BFDCAB4BF93}"
EndProject
Project("{FAE04EC0-301F-11D3-BF4B-00C04F79EFBC}") = "006-类的定义和声明", "006-类的定义和声明\006-类的定义和声明.csproj", "{17FA7F9E-DCBD-4195-92B3-F711266A02BD}"
EndProject
Project("{FAE04EC0-301F-11D3-BF4B-00C04F79EFBC}") = "007-匿名类型", "007-匿名类型\007-匿名类型.csproj", "{20C10FEC-031B-445D-ACA5-7C46EE4A72F0}"
EndProject
Project("{FAE04EC0-301F-11D3-BF4B-00C04F79EFBC}") = "008-值类型和引用类型 - 程序运行时候内存的占用", "008-值类型和引用类型 - 程序运行时候内存的占用\008-值类型和引用类型 - 程序运行时候内存的占用.csproj", "{8E3602C7-74F0-499D-A03E-805FE15C6FBE}"
EndProject
Project("{FAE04EC0-301F-11D3-BF4B-00C04F79EFBC}") = "009-面向对象编程-继承", "009-面向对象编程-继承\009-面向对象编程-继承.csproj", "{52DB2D7D-87C4-4156-860F-63335724A7CE}"
EndProject
Project("{FAE04EC0-301F-11D3-BF4B-00C04F79EFBC}") = "010-密封类和密封方法", "010-密封类和密封方法\010-密封类和密封方法.csproj", "{07F52637-7ED1-44CA-9876-1A494B876A84}"
EndProject
Project("{FAE04EC0-301F-11D3-BF4B-00C04F79EFBC}") = "011-派生类的构造函数", "011-派生类的构造函数\011-派生类的构造函数.csproj", "{820AB050-DBD4-4817-AF48-6F9F8DBA2161}"
EndProject
Project("{FAE04EC0-301F-11D3-BF4B-00C04F79EFBC}") = "012-定义和实现接口", "012-定义和实现接口\012-定义和实现接口.csproj", "{4C76D040-8A39-45DB-A5A9-7134AA7F680B}"
EndProject
Project("{FAE04EC0-301F-11D3-BF4B-00C04F79EFBC}") = "013-练习题", "013-练习题\013-练习题.csproj", "{DDF381B0-FD10-4BF7-AA5D-2C8AE086E3A0}"
EndProject
Project("{FAE04EC0-301F-11D3-BF4B-00C04F79EFBC}") = "014-列表List的创建和使用", "014-列表List的创建和使用\014-列表List的创建和使用.csproj", "{401ADFD3-5336-4CFC-A160-921D68BDD7AA}"
EndProject
Project("{FAE04EC0-301F-11D3-BF4B-00C04F79EFBC}") = "015-列表的遍历", "015-列表的遍历\015-列表的遍历.csproj", "{A7643223-E8FE-4C6F-811C-9E1443ECE895}"
EndProject
Project("{FAE04EC0-301F-11D3-BF4B-00C04F79EFBC}") = "016-操作列表的属性和方法", "016-操作列表的属性和方法\016-操作列表的属性和方法.csproj", "{407C8FE3-6568-4553-9267-447C1AFB68F0}"
EndProject
Project("{FAE04EC0-301F-11D3-BF4B-00C04F79EFBC}") = "017-泛型-泛型类", "017-泛型-泛型类\017-泛型-泛型类.csproj", "{D6CDF940-DDB0-4533-BBAA-C65C4544A99A}"
EndProject
Project("{FAE04EC0-301F-11D3-BF4B-00C04F79EFBC}") = "018-泛型方法", "018-泛型方法\018-泛型方法.csproj", "{70F70DD2-0ED1-4542-9F1F-99DE66CBC0B2}"
EndProject
Project("{FAE04EC0-301F-11D3-BF4B-00C04F79EFBC}") = "019-使用泛型和索引器来实现一个我们自己的集合类MyList", "019-使用泛型和索引器来实现一个我们自己的集合类MyList\019-使用泛型和索引器来实现一个我们自己的集合类MyList.csproj", "{FB80E716-0AD1-43DE-BE52-B4087C3CCEAD}"
EndProject
Global
	GlobalSection(SolutionConfigurationPlatforms) = preSolution
		Debug|Any CPU = Debug|Any CPU
		Release|Any CPU = Release|Any CPU
	EndGlobalSection
	GlobalSection(ProjectConfigurationPlatforms) = postSolution
		{29567F63-E971-4C99-8DBC-C1CFCE406761}.Debug|Any CPU.ActiveCfg = Debug|Any CPU
		{29567F63-E971-4C99-8DBC-C1CFCE406761}.Debug|Any CPU.Build.0 = Debug|Any CPU
		{29567F63-E971-4C99-8DBC-C1CFCE406761}.Release|Any CPU.ActiveCfg = Release|Any CPU
		{29567F63-E971-4C99-8DBC-C1CFCE406761}.Release|Any CPU.Build.0 = Release|Any CPU
		{C3D5542B-CA8E-4B79-AE17-420394908530}.Debug|Any CPU.ActiveCfg = Debug|Any CPU
		{C3D5542B-CA8E-4B79-AE17-420394908530}.Debug|Any CPU.Build.0 = Debug|Any CPU
		{C3D5542B-CA8E-4B79-AE17-420394908530}.Release|Any CPU.ActiveCfg = Release|Any CPU
		{C3D5542B-CA8E-4B79-AE17-420394908530}.Release|Any CPU.Build.0 = Release|Any CPU
		{CD21E5C9-B5E0-47E5-B7DF-F415519435FB}.Debug|Any CPU.ActiveCfg = Debug|Any CPU
		{CD21E5C9-B5E0-47E5-B7DF-F415519435FB}.Debug|Any CPU.Build.0 = Debug|Any CPU
		{CD21E5C9-B5E0-47E5-B7DF-F415519435FB}.Release|Any CPU.ActiveCfg = Release|Any CPU
		{CD21E5C9-B5E0-47E5-B7DF-F415519435FB}.Release|Any CPU.Build.0 = Release|Any CPU
		{84C89CF3-14FF-4B4D-A0A1-0D40DE005EB4}.Debug|Any CPU.ActiveCfg = Debug|Any CPU
		{84C89CF3-14FF-4B4D-A0A1-0D40DE005EB4}.Debug|Any CPU.Build.0 = Debug|Any CPU
		{84C89CF3-14FF-4B4D-A0A1-0D40DE005EB4}.Release|Any CPU.ActiveCfg = Release|Any CPU
		{84C89CF3-14FF-4B4D-A0A1-0D40DE005EB4}.Release|Any CPU.Build.0 = Release|Any CPU
		{EE8859B4-1D31-4894-BA12-9BFDCAB4BF93}.Debug|Any CPU.ActiveCfg = Debug|Any CPU
		{EE8859B4-1D31-4894-BA12-9BFDCAB4BF93}.Debug|Any CPU.Build.0 = Debug|Any CPU
		{EE8859B4-1D31-4894-BA12-9BFDCAB4BF93}.Release|Any CPU.ActiveCfg = Release|Any CPU
		{EE8859B4-1D31-4894-BA12-9BFDCAB4BF93}.Release|Any CPU.Build.0 = Release|Any CPU
		{17FA7F9E-DCBD-4195-92B3-F711266A02BD}.Debug|Any CPU.ActiveCfg = Debug|Any CPU
		{17FA7F9E-DCBD-4195-92B3-F711266A02BD}.Debug|Any CPU.Build.0 = Debug|Any CPU
		{17FA7F9E-DCBD-4195-92B3-F711266A02BD}.Release|Any CPU.ActiveCfg = Release|Any CPU
		{17FA7F9E-DCBD-4195-92B3-F711266A02BD}.Release|Any CPU.Build.0 = Release|Any CPU
		{20C10FEC-031B-445D-ACA5-7C46EE4A72F0}.Debug|Any CPU.ActiveCfg = Debug|Any CPU
		{20C10FEC-031B-445D-ACA5-7C46EE4A72F0}.Debug|Any CPU.Build.0 = Debug|Any CPU
		{20C10FEC-031B-445D-ACA5-7C46EE4A72F0}.Release|Any CPU.ActiveCfg = Release|Any CPU
		{20C10FEC-031B-445D-ACA5-7C46EE4A72F0}.Release|Any CPU.Build.0 = Release|Any CPU
		{8E3602C7-74F0-499D-A03E-805FE15C6FBE}.Debug|Any CPU.ActiveCfg = Debug|Any CPU
		{8E3602C7-74F0-499D-A03E-805FE15C6FBE}.Debug|Any CPU.Build.0 = Debug|Any CPU
		{8E3602C7-74F0-499D-A03E-805FE15C6FBE}.Release|Any CPU.ActiveCfg = Release|Any CPU
		{8E3602C7-74F0-499D-A03E-805FE15C6FBE}.Release|Any CPU.Build.0 = Release|Any CPU
		{52DB2D7D-87C4-4156-860F-63335724A7CE}.Debug|Any CPU.ActiveCfg = Debug|Any CPU
		{52DB2D7D-87C4-4156-860F-63335724A7CE}.Debug|Any CPU.Build.0 = Debug|Any CPU
		{52DB2D7D-87C4-4156-860F-63335724A7CE}.Release|Any CPU.ActiveCfg = Release|Any CPU
		{52DB2D7D-87C4-4156-860F-63335724A7CE}.Release|Any CPU.Build.0 = Release|Any CPU
		{07F52637-7ED1-44CA-9876-1A494B876A84}.Debug|Any CPU.ActiveCfg = Debug|Any CPU
		{07F52637-7ED1-44CA-9876-1A494B876A84}.Debug|Any CPU.Build.0 = Debug|Any CPU
		{07F52637-7ED1-44CA-9876-1A494B876A84}.Release|Any CPU.ActiveCfg = Release|Any CPU
		{07F52637-7ED1-44CA-9876-1A494B876A84}.Release|Any CPU.Build.0 = Release|Any CPU
		{820AB050-DBD4-4817-AF48-6F9F8DBA2161}.Debug|Any CPU.ActiveCfg = Debug|Any CPU
		{820AB050-DBD4-4817-AF48-6F9F8DBA2161}.Debug|Any CPU.Build.0 = Debug|Any CPU
		{820AB050-DBD4-4817-AF48-6F9F8DBA2161}.Release|Any CPU.ActiveCfg = Release|Any CPU
		{820AB050-DBD4-4817-AF48-6F9F8DBA2161}.Release|Any CPU.Build.0 = Release|Any CPU
		{4C76D040-8A39-45DB-A5A9-7134AA7F680B}.Debug|Any CPU.ActiveCfg = Debug|Any CPU
		{4C76D040-8A39-45DB-A5A9-7134AA7F680B}.Debug|Any CPU.Build.0 = Debug|Any CPU
		{4C76D040-8A39-45DB-A5A9-7134AA7F680B}.Release|Any CPU.ActiveCfg = Release|Any CPU
		{4C76D040-8A39-45DB-A5A9-7134AA7F680B}.Release|Any CPU.Build.0 = Release|Any CPU
		{DDF381B0-FD10-4BF7-AA5D-2C8AE086E3A0}.Debug|Any CPU.ActiveCfg = Debug|Any CPU
		{DDF381B0-FD10-4BF7-AA5D-2C8AE086E3A0}.Debug|Any CPU.Build.0 = Debug|Any CPU
		{DDF381B0-FD10-4BF7-AA5D-2C8AE086E3A0}.Release|Any CPU.ActiveCfg = Release|Any CPU
		{DDF381B0-FD10-4BF7-AA5D-2C8AE086E3A0}.Release|Any CPU.Build.0 = Release|Any CPU
		{401ADFD3-5336-4CFC-A160-921D68BDD7AA}.Debug|Any CPU.ActiveCfg = Debug|Any CPU
		{401ADFD3-5336-4CFC-A160-921D68BDD7AA}.Debug|Any CPU.Build.0 = Debug|Any CPU
		{401ADFD3-5336-4CFC-A160-921D68BDD7AA}.Release|Any CPU.ActiveCfg = Release|Any CPU
		{401ADFD3-5336-4CFC-A160-921D68BDD7AA}.Release|Any CPU.Build.0 = Release|Any CPU
		{A7643223-E8FE-4C6F-811C-9E1443ECE895}.Debug|Any CPU.ActiveCfg = Debug|Any CPU
		{A7643223-E8FE-4C6F-811C-9E1443ECE895}.Debug|Any CPU.Build.0 = Debug|Any CPU
		{A7643223-E8FE-4C6F-811C-9E1443ECE895}.Release|Any CPU.ActiveCfg = Release|Any CPU
		{A7643223-E8FE-4C6F-811C-9E1443ECE895}.Release|Any CPU.Build.0 = Release|Any CPU
		{407C8FE3-6568-4553-9267-447C1AFB68F0}.Debug|Any CPU.ActiveCfg = Debug|Any CPU
		{407C8FE3-6568-4553-9267-447C1AFB68F0}.Debug|Any CPU.Build.0 = Debug|Any CPU
		{407C8FE3-6568-4553-9267-447C1AFB68F0}.Release|Any CPU.ActiveCfg = Release|Any CPU
		{407C8FE3-6568-4553-9267-447C1AFB68F0}.Release|Any CPU.Build.0 = Release|Any CPU
		{D6CDF940-DDB0-4533-BBAA-C65C4544A99A}.Debug|Any CPU.ActiveCfg = Debug|Any CPU
		{D6CDF940-DDB0-4533-BBAA-C65C4544A99A}.Debug|Any CPU.Build.0 = Debug|Any CPU
		{D6CDF940-DDB0-4533-BBAA-C65C4544A99A}.Release|Any CPU.ActiveCfg = Release|Any CPU
		{D6CDF940-DDB0-4533-BBAA-C65C4544A99A}.Release|Any CPU.Build.0 = Release|Any CPU
		{70F70DD2-0ED1-4542-9F1F-99DE66CBC0B2}.Debug|Any CPU.ActiveCfg = Debug|Any CPU
		{70F70DD2-0ED1-4542-9F1F-99DE66CBC0B2}.Debug|Any CPU.Build.0 = Debug|Any CPU
		{70F70DD2-0ED1-4542-9F1F-99DE66CBC0B2}.Release|Any CPU.ActiveCfg = Release|Any CPU
		{70F70DD2-0ED1-4542-9F1F-99DE66CBC0B2}.Release|Any CPU.Build.0 = Release|Any CPU
		{FB80E716-0AD1-43DE-BE52-B4087C3CCEAD}.Debug|Any CPU.ActiveCfg = Debug|Any CPU
		{FB80E716-0AD1-43DE-BE52-B4087C3CCEAD}.Debug|Any CPU.Build.0 = Debug|Any CPU
		{FB80E716-0AD1-43DE-BE52-B4087C3CCEAD}.Release|Any CPU.ActiveCfg = Release|Any CPU
		{FB80E716-0AD1-43DE-BE52-B4087C3CCEAD}.Release|Any CPU.Build.0 = Release|Any CPU
	EndGlobalSection
	GlobalSection(SolutionProperties) = preSolution
		HideSolutionNode = FALSE
	EndGlobalSection
EndGlobal
