
Microsoft Visual Studio Solution File, Format Version 12.00
# Visual Studio 14
VisualStudioVersion = 14.0.25420.1
MinimumVisualStudioVersion = 10.0.40219.1
Project("{FAE04EC0-301F-11D3-BF4B-00C04F79EFBC}") = "PrototypeDesignPattern1", "PrototypeDesignPattern1\PrototypeDesignPattern1.csproj", "{9158F25D-A778-49C9-B6EC-0B1B34A87DCB}"
EndProject
Project("{FAE04EC0-301F-11D3-BF4B-00C04F79EFBC}") = "PrototypeDesignPattern2", "PrototypeDesignPattern2\PrototypeDesignPattern2.csproj", "{A20BBE08-941D-4017-BB5D-03F131300D8E}"
EndProject
Project("{FAE04EC0-301F-11D3-BF4B-00C04F79EFBC}") = "PrototypeDesignPattern3", "PrototypeDesignPattern3\PrototypeDesignPattern3.csproj", "{A8ADE634-6917-4035-A535-783A270BA052}"
EndProject
Project("{FAE04EC0-301F-11D3-BF4B-00C04F79EFBC}") = "PrototypeDesignPattern4", "PrototypeDesignPattern4\PrototypeDesignPattern4.csproj", "{91E12F4D-CAFA-4F7E-ABB1-4930DF1795EB}"
EndProject
Project("{FAE04EC0-301F-11D3-BF4B-00C04F79EFBC}") = "PrototypeDesignPattern5", "PrototypeDesignPattern5\PrototypeDesignPattern5.csproj", "{E7D9C89A-559D-4EE8-A32F-6C68EF44CC85}"
EndProject
Project("{FAE04EC0-301F-11D3-BF4B-00C04F79EFBC}") = "AbstractFactoryDesignPattern", "AbstractFactoryDesignPattern\AbstractFactoryDesignPattern.csproj", "{7A0DA1CE-3F38-45AE-96A2-CC44EDC5D40C}"
EndProject
Project("{2150E333-8FDC-42A3-9474-1A3956D46DE8}") = "AbstractFactoryDesign", "AbstractFactoryDesign", "{3B985C8F-01BA-462B-8603-733141C6AD30}"
EndProject
Project("{2150E333-8FDC-42A3-9474-1A3956D46DE8}") = "PrototypeDesignPattern", "PrototypeDesignPattern", "{0D5F8219-AEE8-461F-8707-AAF609DB1405}"
EndProject
Project("{FAE04EC0-301F-11D3-BF4B-00C04F79EFBC}") = "IBLInterface", "IMyBLInterface\IBLInterface.csproj", "{3E7CA407-812B-4AB0-AA21-0AF58BE66A9B}"
EndProject
Project("{FAE04EC0-301F-11D3-BF4B-00C04F79EFBC}") = "Models", "Models\Models.csproj", "{175DF9C3-6A01-46F4-8A57-CA9179170E54}"
EndProject
Project("{FAE04EC0-301F-11D3-BF4B-00C04F79EFBC}") = "BLInterfaceImpl1", "BLInterfaceImpl\BLInterfaceImpl1.csproj", "{07DF187C-7FF1-4184-B307-79CFFE0E3F85}"
EndProject
Project("{FAE04EC0-301F-11D3-BF4B-00C04F79EFBC}") = "BLInterfaceImpl2", "BLInterfaceImpl2\BLInterfaceImpl2.csproj", "{6DE2FC4C-0714-44F5-9727-540E68B5852D}"
EndProject
Project("{FAE04EC0-301F-11D3-BF4B-00C04F79EFBC}") = "BLFacotry", "BLFacotry\BLFacotry.csproj", "{F90D3422-BA76-46A4-A873-AB1A3C4F9E76}"
EndProject
Global
	GlobalSection(SolutionConfigurationPlatforms) = preSolution
		Debug|Any CPU = Debug|Any CPU
		Release|Any CPU = Release|Any CPU
	EndGlobalSection
	GlobalSection(ProjectConfigurationPlatforms) = postSolution
		{9158F25D-A778-49C9-B6EC-0B1B34A87DCB}.Debug|Any CPU.ActiveCfg = Debug|Any CPU
		{9158F25D-A778-49C9-B6EC-0B1B34A87DCB}.Debug|Any CPU.Build.0 = Debug|Any CPU
		{9158F25D-A778-49C9-B6EC-0B1B34A87DCB}.Release|Any CPU.ActiveCfg = Release|Any CPU
		{9158F25D-A778-49C9-B6EC-0B1B34A87DCB}.Release|Any CPU.Build.0 = Release|Any CPU
		{A20BBE08-941D-4017-BB5D-03F131300D8E}.Debug|Any CPU.ActiveCfg = Debug|Any CPU
		{A20BBE08-941D-4017-BB5D-03F131300D8E}.Debug|Any CPU.Build.0 = Debug|Any CPU
		{A20BBE08-941D-4017-BB5D-03F131300D8E}.Release|Any CPU.ActiveCfg = Release|Any CPU
		{A20BBE08-941D-4017-BB5D-03F131300D8E}.Release|Any CPU.Build.0 = Release|Any CPU
		{A8ADE634-6917-4035-A535-783A270BA052}.Debug|Any CPU.ActiveCfg = Debug|Any CPU
		{A8ADE634-6917-4035-A535-783A270BA052}.Debug|Any CPU.Build.0 = Debug|Any CPU
		{A8ADE634-6917-4035-A535-783A270BA052}.Release|Any CPU.ActiveCfg = Release|Any CPU
		{A8ADE634-6917-4035-A535-783A270BA052}.Release|Any CPU.Build.0 = Release|Any CPU
		{91E12F4D-CAFA-4F7E-ABB1-4930DF1795EB}.Debug|Any CPU.ActiveCfg = Debug|Any CPU
		{91E12F4D-CAFA-4F7E-ABB1-4930DF1795EB}.Debug|Any CPU.Build.0 = Debug|Any CPU
		{91E12F4D-CAFA-4F7E-ABB1-4930DF1795EB}.Release|Any CPU.ActiveCfg = Release|Any CPU
		{91E12F4D-CAFA-4F7E-ABB1-4930DF1795EB}.Release|Any CPU.Build.0 = Release|Any CPU
		{E7D9C89A-559D-4EE8-A32F-6C68EF44CC85}.Debug|Any CPU.ActiveCfg = Debug|Any CPU
		{E7D9C89A-559D-4EE8-A32F-6C68EF44CC85}.Debug|Any CPU.Build.0 = Debug|Any CPU
		{E7D9C89A-559D-4EE8-A32F-6C68EF44CC85}.Release|Any CPU.ActiveCfg = Release|Any CPU
		{E7D9C89A-559D-4EE8-A32F-6C68EF44CC85}.Release|Any CPU.Build.0 = Release|Any CPU
		{7A0DA1CE-3F38-45AE-96A2-CC44EDC5D40C}.Debug|Any CPU.ActiveCfg = Debug|Any CPU
		{7A0DA1CE-3F38-45AE-96A2-CC44EDC5D40C}.Debug|Any CPU.Build.0 = Debug|Any CPU
		{7A0DA1CE-3F38-45AE-96A2-CC44EDC5D40C}.Release|Any CPU.ActiveCfg = Release|Any CPU
		{7A0DA1CE-3F38-45AE-96A2-CC44EDC5D40C}.Release|Any CPU.Build.0 = Release|Any CPU
		{3E7CA407-812B-4AB0-AA21-0AF58BE66A9B}.Debug|Any CPU.ActiveCfg = Debug|Any CPU
		{3E7CA407-812B-4AB0-AA21-0AF58BE66A9B}.Debug|Any CPU.Build.0 = Debug|Any CPU
		{3E7CA407-812B-4AB0-AA21-0AF58BE66A9B}.Release|Any CPU.ActiveCfg = Release|Any CPU
		{3E7CA407-812B-4AB0-AA21-0AF58BE66A9B}.Release|Any CPU.Build.0 = Release|Any CPU
		{175DF9C3-6A01-46F4-8A57-CA9179170E54}.Debug|Any CPU.ActiveCfg = Debug|Any CPU
		{175DF9C3-6A01-46F4-8A57-CA9179170E54}.Debug|Any CPU.Build.0 = Debug|Any CPU
		{175DF9C3-6A01-46F4-8A57-CA9179170E54}.Release|Any CPU.ActiveCfg = Release|Any CPU
		{175DF9C3-6A01-46F4-8A57-CA9179170E54}.Release|Any CPU.Build.0 = Release|Any CPU
		{07DF187C-7FF1-4184-B307-79CFFE0E3F85}.Debug|Any CPU.ActiveCfg = Debug|Any CPU
		{07DF187C-7FF1-4184-B307-79CFFE0E3F85}.Debug|Any CPU.Build.0 = Debug|Any CPU
		{07DF187C-7FF1-4184-B307-79CFFE0E3F85}.Release|Any CPU.ActiveCfg = Release|Any CPU
		{07DF187C-7FF1-4184-B307-79CFFE0E3F85}.Release|Any CPU.Build.0 = Release|Any CPU
		{6DE2FC4C-0714-44F5-9727-540E68B5852D}.Debug|Any CPU.ActiveCfg = Debug|Any CPU
		{6DE2FC4C-0714-44F5-9727-540E68B5852D}.Debug|Any CPU.Build.0 = Debug|Any CPU
		{6DE2FC4C-0714-44F5-9727-540E68B5852D}.Release|Any CPU.ActiveCfg = Release|Any CPU
		{6DE2FC4C-0714-44F5-9727-540E68B5852D}.Release|Any CPU.Build.0 = Release|Any CPU
		{F90D3422-BA76-46A4-A873-AB1A3C4F9E76}.Debug|Any CPU.ActiveCfg = Debug|Any CPU
		{F90D3422-BA76-46A4-A873-AB1A3C4F9E76}.Debug|Any CPU.Build.0 = Debug|Any CPU
		{F90D3422-BA76-46A4-A873-AB1A3C4F9E76}.Release|Any CPU.ActiveCfg = Release|Any CPU
		{F90D3422-BA76-46A4-A873-AB1A3C4F9E76}.Release|Any CPU.Build.0 = Release|Any CPU
	EndGlobalSection
	GlobalSection(SolutionProperties) = preSolution
		HideSolutionNode = FALSE
	EndGlobalSection
	GlobalSection(NestedProjects) = preSolution
		{9158F25D-A778-49C9-B6EC-0B1B34A87DCB} = {0D5F8219-AEE8-461F-8707-AAF609DB1405}
		{A20BBE08-941D-4017-BB5D-03F131300D8E} = {0D5F8219-AEE8-461F-8707-AAF609DB1405}
		{A8ADE634-6917-4035-A535-783A270BA052} = {0D5F8219-AEE8-461F-8707-AAF609DB1405}
		{91E12F4D-CAFA-4F7E-ABB1-4930DF1795EB} = {0D5F8219-AEE8-461F-8707-AAF609DB1405}
		{E7D9C89A-559D-4EE8-A32F-6C68EF44CC85} = {0D5F8219-AEE8-461F-8707-AAF609DB1405}
		{7A0DA1CE-3F38-45AE-96A2-CC44EDC5D40C} = {3B985C8F-01BA-462B-8603-733141C6AD30}
		{3E7CA407-812B-4AB0-AA21-0AF58BE66A9B} = {3B985C8F-01BA-462B-8603-733141C6AD30}
		{175DF9C3-6A01-46F4-8A57-CA9179170E54} = {3B985C8F-01BA-462B-8603-733141C6AD30}
		{07DF187C-7FF1-4184-B307-79CFFE0E3F85} = {3B985C8F-01BA-462B-8603-733141C6AD30}
		{6DE2FC4C-0714-44F5-9727-540E68B5852D} = {3B985C8F-01BA-462B-8603-733141C6AD30}
		{F90D3422-BA76-46A4-A873-AB1A3C4F9E76} = {3B985C8F-01BA-462B-8603-733141C6AD30}
	EndGlobalSection
EndGlobal
