
Microsoft Visual Studio Solution File, Format Version 12.00
# Visual Studio 14
VisualStudioVersion = 14.0.25420.1
MinimumVisualStudioVersion = 10.0.40219.1
Project("{FAE04EC0-301F-11D3-BF4B-00C04F79EFBC}") = "NewDemo", "NewDemo\NewDemo.csproj", "{AF8D284E-C5A1-45BE-9C25-A92ACD8F58A1}"
EndProject
Global
	GlobalSection(SolutionConfigurationPlatforms) = preSolution
		Debug|Any CPU = Debug|Any CPU
		Release|Any CPU = Release|Any CPU
	EndGlobalSection
	GlobalSection(ProjectConfigurationPlatforms) = postSolution
		{AF8D284E-C5A1-45BE-9C25-A92ACD8F58A1}.Debug|Any CPU.ActiveCfg = Debug|Any CPU
		{AF8D284E-C5A1-45BE-9C25-A92ACD8F58A1}.Debug|Any CPU.Build.0 = Debug|Any CPU
		{AF8D284E-C5A1-45BE-9C25-A92ACD8F58A1}.Release|Any CPU.ActiveCfg = Release|Any CPU
		{AF8D284E-C5A1-45BE-9C25-A92ACD8F58A1}.Release|Any CPU.Build.0 = Release|Any CPU
	EndGlobalSection
	GlobalSection(SolutionProperties) = preSolution
		HideSolutionNode = FALSE
	EndGlobalSection
EndGlobal
