
Microsoft Visual Studio Solution File, Format Version 12.00
# Visual Studio 2013
VisualStudioVersion = 12.0.40629.0
MinimumVisualStudioVersion = 10.0.40219.1
Project("{FAE04EC0-301F-11D3-BF4B-00C04F79EFBC}") = "SingletonPattern", "SingletonPattern\SingletonPattern.csproj", "{3070329D-04A9-47EE-A785-E651D565D9BE}"
EndProject
Global
	GlobalSection(SolutionConfigurationPlatforms) = preSolution
		Debug|Any CPU = Debug|Any CPU
		Release|Any CPU = Release|Any CPU
	EndGlobalSection
	GlobalSection(ProjectConfigurationPlatforms) = postSolution
		{3070329D-04A9-47EE-A785-E651D565D9BE}.Debug|Any CPU.ActiveCfg = Debug|Any CPU
		{3070329D-04A9-47EE-A785-E651D565D9BE}.Debug|Any CPU.Build.0 = Debug|Any CPU
		{3070329D-04A9-47EE-A785-E651D565D9BE}.Release|Any CPU.ActiveCfg = Release|Any CPU
		{3070329D-04A9-47EE-A785-E651D565D9BE}.Release|Any CPU.Build.0 = Release|Any CPU
	EndGlobalSection
	GlobalSection(SolutionProperties) = preSolution
		HideSolutionNode = FALSE
	EndGlobalSection
EndGlobal
