
Microsoft Visual Studio Solution File, Format Version 12.00
# Visual Studio 14
VisualStudioVersion = 14.0.25420.1
MinimumVisualStudioVersion = 10.0.40219.1
Project("{FAE04EC0-301F-11D3-BF4B-00C04F79EFBC}") = "MyUserControlTest", "MyUserControlTest\MyUserControlTest.csproj", "{022248D2-F6A0-4B71-A531-A335E1521073}"
EndProject
Project("{FAE04EC0-301F-11D3-BF4B-00C04F79EFBC}") = "MyUserControls", "MyUserControls\MyUserControls.csproj", "{C85A622F-88FA-4C8F-89AF-8CEEBE531F0B}"
EndProject
Global
	GlobalSection(SolutionConfigurationPlatforms) = preSolution
		Debug|Any CPU = Debug|Any CPU
		Release|Any CPU = Release|Any CPU
	EndGlobalSection
	GlobalSection(ProjectConfigurationPlatforms) = postSolution
		{022248D2-F6A0-4B71-A531-A335E1521073}.Debug|Any CPU.ActiveCfg = Debug|Any CPU
		{022248D2-F6A0-4B71-A531-A335E1521073}.Debug|Any CPU.Build.0 = Debug|Any CPU
		{022248D2-F6A0-4B71-A531-A335E1521073}.Release|Any CPU.ActiveCfg = Release|Any CPU
		{022248D2-F6A0-4B71-A531-A335E1521073}.Release|Any CPU.Build.0 = Release|Any CPU
		{C85A622F-88FA-4C8F-89AF-8CEEBE531F0B}.Debug|Any CPU.ActiveCfg = Debug|Any CPU
		{C85A622F-88FA-4C8F-89AF-8CEEBE531F0B}.Debug|Any CPU.Build.0 = Debug|Any CPU
		{C85A622F-88FA-4C8F-89AF-8CEEBE531F0B}.Release|Any CPU.ActiveCfg = Release|Any CPU
		{C85A622F-88FA-4C8F-89AF-8CEEBE531F0B}.Release|Any CPU.Build.0 = Release|Any CPU
	EndGlobalSection
	GlobalSection(SolutionProperties) = preSolution
		HideSolutionNode = FALSE
	EndGlobalSection
EndGlobal
