
Microsoft Visual Studio Solution File, Format Version 12.00
# Visual Studio 14
VisualStudioVersion = 14.0.25420.1
MinimumVisualStudioVersion = 10.0.40219.1
Project("{FAE04EC0-301F-11D3-BF4B-00C04F79EFBC}") = "Thread01", "Thread01\Thread01.csproj", "{C28BE4FE-CC48-46F4-A312-236FED938F2C}"
EndProject
Project("{FAE04EC0-301F-11D3-BF4B-00C04F79EFBC}") = "Thread02", "Thread02\Thread02.csproj", "{46A79CCB-4E98-48CA-87A6-D94FAD7BF2E2}"
EndProject
Project("{FAE04EC0-301F-11D3-BF4B-00C04F79EFBC}") = "Thread03", "Thread03\Thread03.csproj", "{9EDCD34C-A5C2-48D9-9705-16C41416F8A0}"
EndProject
Project("{FAE04EC0-301F-11D3-BF4B-00C04F79EFBC}") = "Thread04", "Thread04\Thread04.csproj", "{049BFC93-5C0F-4F78-A0CB-E5CCBAB92900}"
EndProject
Project("{FAE04EC0-301F-11D3-BF4B-00C04F79EFBC}") = "Thread05", "Thread05\Thread05.csproj", "{A61A3B15-C7E5-40B9-B0AD-F2AD876B16EE}"
EndProject
Project("{FAE04EC0-301F-11D3-BF4B-00C04F79EFBC}") = "Task01", "Task01\Task01.csproj", "{0D4693FC-5AE0-480B-8114-65AB654A5EF6}"
EndProject
Project("{2150E333-8FDC-42A3-9474-1A3956D46DE8}") = "Part1-Thread", "Part1-Thread", "{740BD111-AC78-46FD-9E3A-1F11F869C75F}"
EndProject
Project("{2150E333-8FDC-42A3-9474-1A3956D46DE8}") = "Part2-Task", "Part2-Task", "{2703B964-8888-48E6-BB66-6D2BAF9B0593}"
EndProject
Global
	GlobalSection(SolutionConfigurationPlatforms) = preSolution
		Debug|Any CPU = Debug|Any CPU
		Release|Any CPU = Release|Any CPU
	EndGlobalSection
	GlobalSection(ProjectConfigurationPlatforms) = postSolution
		{C28BE4FE-CC48-46F4-A312-236FED938F2C}.Debug|Any CPU.ActiveCfg = Debug|Any CPU
		{C28BE4FE-CC48-46F4-A312-236FED938F2C}.Debug|Any CPU.Build.0 = Debug|Any CPU
		{C28BE4FE-CC48-46F4-A312-236FED938F2C}.Release|Any CPU.ActiveCfg = Release|Any CPU
		{C28BE4FE-CC48-46F4-A312-236FED938F2C}.Release|Any CPU.Build.0 = Release|Any CPU
		{46A79CCB-4E98-48CA-87A6-D94FAD7BF2E2}.Debug|Any CPU.ActiveCfg = Debug|Any CPU
		{46A79CCB-4E98-48CA-87A6-D94FAD7BF2E2}.Debug|Any CPU.Build.0 = Debug|Any CPU
		{46A79CCB-4E98-48CA-87A6-D94FAD7BF2E2}.Release|Any CPU.ActiveCfg = Release|Any CPU
		{46A79CCB-4E98-48CA-87A6-D94FAD7BF2E2}.Release|Any CPU.Build.0 = Release|Any CPU
		{9EDCD34C-A5C2-48D9-9705-16C41416F8A0}.Debug|Any CPU.ActiveCfg = Debug|Any CPU
		{9EDCD34C-A5C2-48D9-9705-16C41416F8A0}.Debug|Any CPU.Build.0 = Debug|Any CPU
		{9EDCD34C-A5C2-48D9-9705-16C41416F8A0}.Release|Any CPU.ActiveCfg = Release|Any CPU
		{9EDCD34C-A5C2-48D9-9705-16C41416F8A0}.Release|Any CPU.Build.0 = Release|Any CPU
		{049BFC93-5C0F-4F78-A0CB-E5CCBAB92900}.Debug|Any CPU.ActiveCfg = Debug|Any CPU
		{049BFC93-5C0F-4F78-A0CB-E5CCBAB92900}.Debug|Any CPU.Build.0 = Debug|Any CPU
		{049BFC93-5C0F-4F78-A0CB-E5CCBAB92900}.Release|Any CPU.ActiveCfg = Release|Any CPU
		{049BFC93-5C0F-4F78-A0CB-E5CCBAB92900}.Release|Any CPU.Build.0 = Release|Any CPU
		{A61A3B15-C7E5-40B9-B0AD-F2AD876B16EE}.Debug|Any CPU.ActiveCfg = Debug|Any CPU
		{A61A3B15-C7E5-40B9-B0AD-F2AD876B16EE}.Debug|Any CPU.Build.0 = Debug|Any CPU
		{A61A3B15-C7E5-40B9-B0AD-F2AD876B16EE}.Release|Any CPU.ActiveCfg = Release|Any CPU
		{A61A3B15-C7E5-40B9-B0AD-F2AD876B16EE}.Release|Any CPU.Build.0 = Release|Any CPU
		{0D4693FC-5AE0-480B-8114-65AB654A5EF6}.Debug|Any CPU.ActiveCfg = Debug|Any CPU
		{0D4693FC-5AE0-480B-8114-65AB654A5EF6}.Debug|Any CPU.Build.0 = Debug|Any CPU
		{0D4693FC-5AE0-480B-8114-65AB654A5EF6}.Release|Any CPU.ActiveCfg = Release|Any CPU
		{0D4693FC-5AE0-480B-8114-65AB654A5EF6}.Release|Any CPU.Build.0 = Release|Any CPU
	EndGlobalSection
	GlobalSection(SolutionProperties) = preSolution
		HideSolutionNode = FALSE
	EndGlobalSection
	GlobalSection(NestedProjects) = preSolution
		{C28BE4FE-CC48-46F4-A312-236FED938F2C} = {740BD111-AC78-46FD-9E3A-1F11F869C75F}
		{46A79CCB-4E98-48CA-87A6-D94FAD7BF2E2} = {740BD111-AC78-46FD-9E3A-1F11F869C75F}
		{9EDCD34C-A5C2-48D9-9705-16C41416F8A0} = {740BD111-AC78-46FD-9E3A-1F11F869C75F}
		{049BFC93-5C0F-4F78-A0CB-E5CCBAB92900} = {740BD111-AC78-46FD-9E3A-1F11F869C75F}
		{A61A3B15-C7E5-40B9-B0AD-F2AD876B16EE} = {740BD111-AC78-46FD-9E3A-1F11F869C75F}
		{0D4693FC-5AE0-480B-8114-65AB654A5EF6} = {2703B964-8888-48E6-BB66-6D2BAF9B0593}
	EndGlobalSection
EndGlobal
