
Microsoft Visual Studio Solution File, Format Version 12.00
# Visual Studio 2013
VisualStudioVersion = 12.0.40629.0
MinimumVisualStudioVersion = 10.0.40219.1
Project("{FAE04EC0-301F-11D3-BF4B-00C04F79EFBC}") = "EFDemo", "EFDemo\EFDemo.csproj", "{38D7CEDB-910A-4406-A9B8-B242976D8AA0}"
EndProject
Project("{FAE04EC0-301F-11D3-BF4B-00C04F79EFBC}") = "EF6Show", "EF6Show\EF6Show.csproj", "{06AACE6B-735A-413F-878C-54568331A791}"
EndProject
Global
	GlobalSection(SolutionConfigurationPlatforms) = preSolution
		Debug|Any CPU = Debug|Any CPU
		Release|Any CPU = Release|Any CPU
	EndGlobalSection
	GlobalSection(ProjectConfigurationPlatforms) = postSolution
		{38D7CEDB-910A-4406-A9B8-B242976D8AA0}.Debug|Any CPU.ActiveCfg = Debug|Any CPU
		{38D7CEDB-910A-4406-A9B8-B242976D8AA0}.Debug|Any CPU.Build.0 = Debug|Any CPU
		{38D7CEDB-910A-4406-A9B8-B242976D8AA0}.Release|Any CPU.ActiveCfg = Release|Any CPU
		{38D7CEDB-910A-4406-A9B8-B242976D8AA0}.Release|Any CPU.Build.0 = Release|Any CPU
		{06AACE6B-735A-413F-878C-54568331A791}.Debug|Any CPU.ActiveCfg = Debug|Any CPU
		{06AACE6B-735A-413F-878C-54568331A791}.Debug|Any CPU.Build.0 = Debug|Any CPU
		{06AACE6B-735A-413F-878C-54568331A791}.Release|Any CPU.ActiveCfg = Release|Any CPU
		{06AACE6B-735A-413F-878C-54568331A791}.Release|Any CPU.Build.0 = Release|Any CPU
	EndGlobalSection
	GlobalSection(SolutionProperties) = preSolution
		HideSolutionNode = FALSE
	EndGlobalSection
EndGlobal
